
Microsoft Visual Studio Solution File, Format Version 12.00
# Visual Studio 15
VisualStudioVersion = 15.0.27130.2036
MinimumVisualStudioVersion = 10.0.40219.1
Project("{9A19103F-16F7-4668-BE54-9A1E7A4F7556}") = "AudioWorks.Commands", "src\AudioWorks.Commands\AudioWorks.Commands.csproj", "{53605AC7-B464-478F-ABA4-EBE6CB8BC968}"
EndProject
Project("{9A19103F-16F7-4668-BE54-9A1E7A4F7556}") = "AudioWorks.Commands.Tests", "tests\AudioWorks.Commands.Tests\AudioWorks.Commands.Tests.csproj", "{6424C037-48CC-4518-BD51-D45275545FE2}"
	ProjectSection(ProjectDependencies) = postProject
		{327C902A-DEF9-46AA-850E-1023BB2D8187} = {327C902A-DEF9-46AA-850E-1023BB2D8187}
		{5716EF44-6F81-4C73-B16C-43B1952A4A44} = {5716EF44-6F81-4C73-B16C-43B1952A4A44}
		{EFF5C54D-EC06-4BE5-8440-9C48B8413F00} = {EFF5C54D-EC06-4BE5-8440-9C48B8413F00}
		{0F6C00B0-92C7-4755-B1C6-133E88E6333A} = {0F6C00B0-92C7-4755-B1C6-133E88E6333A}
		{A6D283BB-E6A0-466F-841D-C7FAA7899901} = {A6D283BB-E6A0-466F-841D-C7FAA7899901}
		{524FE5BD-705A-43C5-B289-FD5086B00AEA} = {524FE5BD-705A-43C5-B289-FD5086B00AEA}
		{53605AC7-B464-478F-ABA4-EBE6CB8BC968} = {53605AC7-B464-478F-ABA4-EBE6CB8BC968}
		{FD0CD1DC-F7D0-48E2-9E59-C5DD6AB4FAA1} = {FD0CD1DC-F7D0-48E2-9E59-C5DD6AB4FAA1}
		{1447D6EA-60F7-44A8-A5DA-69A4287348CF} = {1447D6EA-60F7-44A8-A5DA-69A4287348CF}
		{8A917CF5-0610-4858-80E4-041C61E7DE72} = {8A917CF5-0610-4858-80E4-041C61E7DE72}
	EndProjectSection
EndProject
Project("{9A19103F-16F7-4668-BE54-9A1E7A4F7556}") = "AudioWorks.Api", "src\AudioWorks.Api\AudioWorks.Api.csproj", "{EBCF9266-D1CE-43F5-BB62-8E33FD4FE3F1}"
EndProject
Project("{9A19103F-16F7-4668-BE54-9A1E7A4F7556}") = "AudioWorks.Common", "src\AudioWorks.Common\AudioWorks.Common.csproj", "{5D6DB758-33DA-45B5-9C20-5775E526BC2C}"
EndProject
Project("{9A19103F-16F7-4668-BE54-9A1E7A4F7556}") = "AudioWorks.Extensions", "src\AudioWorks.Extensions\AudioWorks.Extensions.csproj", "{D237F613-F6AF-4B79-B297-56A5EB75BB97}"
EndProject
Project("{2150E333-8FDC-42A3-9474-1A3956D46DE8}") = "TestFiles", "tests\TestFiles", "{ED5F2925-FC55-4D6B-8E32-7FD957F04B35}"
EndProject
Project("{2150E333-8FDC-42A3-9474-1A3956D46DE8}") = "Unsupported", "Unsupported", "{D2650C7C-32ED-48DC-9B13-A1905BE1F9E7}"
	ProjectSection(SolutionItems) = preProject
		TestFiles\Unsupported\Lame MP3.m4a = TestFiles\Unsupported\Lame MP3.m4a
		TestFiles\Unsupported\MS ADPCM.wav = TestFiles\Unsupported\MS ADPCM.wav
		TestFiles\Unsupported\Speex.ogg = TestFiles\Unsupported\Speex.ogg
		TestFiles\Unsupported\Text.txt = TestFiles\Unsupported\Text.txt
	EndProjectSection
EndProject
Project("{2150E333-8FDC-42A3-9474-1A3956D46DE8}") = "Invalid", "Invalid", "{F91FD451-BD07-4280-B74F-870DAF191591}"
	ProjectSection(SolutionItems) = preProject
		TestFiles\Invalid\Missing 'fmt' Chunk.wav = TestFiles\Invalid\Missing 'fmt' Chunk.wav
		TestFiles\Invalid\Not Audio Layer III.mp3 = TestFiles\Invalid\Not Audio Layer III.mp3
		TestFiles\Invalid\Not FLAC Format.flac = TestFiles\Invalid\Not FLAC Format.flac
		TestFiles\Invalid\Not MPEG Audio.mp3 = TestFiles\Invalid\Not MPEG Audio.mp3
		TestFiles\Invalid\Not Ogg Format.ogg = TestFiles\Invalid\Not Ogg Format.ogg
		TestFiles\Invalid\Not RIFF Format.wav = TestFiles\Invalid\Not RIFF Format.wav
		TestFiles\Invalid\Not Wave Format.wav = TestFiles\Invalid\Not Wave Format.wav
		TestFiles\Invalid\Unexpectedly Truncated.wav = TestFiles\Invalid\Unexpectedly Truncated.wav
	EndProjectSection
EndProject
Project("{2150E333-8FDC-42A3-9474-1A3956D46DE8}") = "Extensions", "src\Extensions", "{5C8B6EE1-CC71-4069-BD6A-E82E550FED11}"
EndProject
Project("{9A19103F-16F7-4668-BE54-9A1E7A4F7556}") = "AudioWorks.Extensions.Wave", "src\Extensions\AudioWorks.Extensions.Wave\AudioWorks.Extensions.Wave.csproj", "{1447D6EA-60F7-44A8-A5DA-69A4287348CF}"
EndProject
Project("{2150E333-8FDC-42A3-9474-1A3956D46DE8}") = "Valid", "Valid", "{F3EE5042-D0AB-4B5C-8255-4A1D87A8C4A1}"
	ProjectSection(SolutionItems) = preProject
		TestFiles\Valid\ALAC 16-bit 44100Hz Mono.m4a = TestFiles\Valid\ALAC 16-bit 44100Hz Mono.m4a
		TestFiles\Valid\ALAC 16-bit 44100Hz Stereo (Covr atom - JPEG).m4a = TestFiles\Valid\ALAC 16-bit 44100Hz Stereo (Covr atom - JPEG).m4a
		TestFiles\Valid\ALAC 16-bit 44100Hz Stereo (Covr atom - PNG).m4a = TestFiles\Valid\ALAC 16-bit 44100Hz Stereo (Covr atom - PNG).m4a
		TestFiles\Valid\ALAC 16-bit 44100Hz Stereo (Tagged).m4a = TestFiles\Valid\ALAC 16-bit 44100Hz Stereo (Tagged).m4a
		TestFiles\Valid\ALAC 16-bit 44100Hz Stereo.m4a = TestFiles\Valid\ALAC 16-bit 44100Hz Stereo.m4a
		TestFiles\Valid\ALAC 16-bit 48000Hz Stereo.m4a = TestFiles\Valid\ALAC 16-bit 48000Hz Stereo.m4a
		TestFiles\Valid\ALAC 24-bit 96000Hz Stereo.m4a = TestFiles\Valid\ALAC 24-bit 96000Hz Stereo.m4a
		TestFiles\Valid\Bitmap 24-bit 1280 x 935.bmp = TestFiles\Valid\Bitmap 24-bit 1280 x 935.bmp
		TestFiles\Valid\FLAC Level 5 16-bit 44100Hz Mono.flac = TestFiles\Valid\FLAC Level 5 16-bit 44100Hz Mono.flac
		TestFiles\Valid\FLAC Level 5 16-bit 44100Hz Stereo (PICTURE block - JPEG).flac = TestFiles\Valid\FLAC Level 5 16-bit 44100Hz Stereo (PICTURE block - JPEG).flac
		TestFiles\Valid\FLAC Level 5 16-bit 44100Hz Stereo (PICTURE block - PNG).flac = TestFiles\Valid\FLAC Level 5 16-bit 44100Hz Stereo (PICTURE block - PNG).flac
		TestFiles\Valid\FLAC Level 5 16-bit 44100Hz Stereo (Tagged using COMMENT).flac = TestFiles\Valid\FLAC Level 5 16-bit 44100Hz Stereo (Tagged using COMMENT).flac
		TestFiles\Valid\FLAC Level 5 16-bit 44100Hz Stereo (Tagged using defaults).flac = TestFiles\Valid\FLAC Level 5 16-bit 44100Hz Stereo (Tagged using defaults).flac
		TestFiles\Valid\FLAC Level 5 16-bit 44100Hz Stereo (Tagged using extended DATE).flac = TestFiles\Valid\FLAC Level 5 16-bit 44100Hz Stereo (Tagged using extended DATE).flac
		TestFiles\Valid\FLAC Level 5 16-bit 44100Hz Stereo (Tagged using invalid DATE).flac = TestFiles\Valid\FLAC Level 5 16-bit 44100Hz Stereo (Tagged using invalid DATE).flac
		TestFiles\Valid\FLAC Level 5 16-bit 44100Hz Stereo (Tagged using invalid ReplayGain fields).flac = TestFiles\Valid\FLAC Level 5 16-bit 44100Hz Stereo (Tagged using invalid ReplayGain fields).flac
		TestFiles\Valid\FLAC Level 5 16-bit 44100Hz Stereo (Tagged using invalid TRACKNUMBER).flac = TestFiles\Valid\FLAC Level 5 16-bit 44100Hz Stereo (Tagged using invalid TRACKNUMBER).flac
		TestFiles\Valid\FLAC Level 5 16-bit 44100Hz Stereo (Tagged using mixed-case fields).flac = TestFiles\Valid\FLAC Level 5 16-bit 44100Hz Stereo (Tagged using mixed-case fields).flac
		TestFiles\Valid\FLAC Level 5 16-bit 44100Hz Stereo (Tagged using ReplayGain with '+' sign).flac = TestFiles\Valid\FLAC Level 5 16-bit 44100Hz Stereo (Tagged using ReplayGain with '+' sign).flac
		TestFiles\Valid\FLAC Level 5 16-bit 44100Hz Stereo (Tagged using ReplayGain with missing 'dB').flac = TestFiles\Valid\FLAC Level 5 16-bit 44100Hz Stereo (Tagged using ReplayGain with missing 'dB').flac
		TestFiles\Valid\FLAC Level 5 16-bit 44100Hz Stereo (Tagged using TOTALTRACKS).flac = TestFiles\Valid\FLAC Level 5 16-bit 44100Hz Stereo (Tagged using TOTALTRACKS).flac
		TestFiles\Valid\FLAC Level 5 16-bit 44100Hz Stereo (Tagged using TRACKCOUNT).flac = TestFiles\Valid\FLAC Level 5 16-bit 44100Hz Stereo (Tagged using TRACKCOUNT).flac
		TestFiles\Valid\FLAC Level 5 16-bit 44100Hz Stereo (Tagged using TRACKTOTAL).flac = TestFiles\Valid\FLAC Level 5 16-bit 44100Hz Stereo (Tagged using TRACKTOTAL).flac
		TestFiles\Valid\FLAC Level 5 16-bit 44100Hz Stereo (Tagged using YEAR).flac = TestFiles\Valid\FLAC Level 5 16-bit 44100Hz Stereo (Tagged using YEAR).flac
		TestFiles\Valid\FLAC Level 5 16-bit 44100Hz Stereo.flac = TestFiles\Valid\FLAC Level 5 16-bit 44100Hz Stereo.flac
		TestFiles\Valid\FLAC Level 5 16-bit 48000Hz Stereo.flac = TestFiles\Valid\FLAC Level 5 16-bit 48000Hz Stereo.flac
		TestFiles\Valid\FLAC Level 5 24-bit 96000Hz Stereo.flac = TestFiles\Valid\FLAC Level 5 24-bit 96000Hz Stereo.flac
		TestFiles\Valid\FLAC Level 5 8-bit 8000Hz Stereo.flac = TestFiles\Valid\FLAC Level 5 8-bit 8000Hz Stereo.flac
		TestFiles\Valid\Fraunhofer CBR 128 44100Hz Stereo.mp3 = TestFiles\Valid\Fraunhofer CBR 128 44100Hz Stereo.mp3
		TestFiles\Valid\Fraunhofer VBR 44100Hz Stereo (with header).mp3 = TestFiles\Valid\Fraunhofer VBR 44100Hz Stereo (with header).mp3
		TestFiles\Valid\Fraunhofer VBR 44100Hz Stereo.mp3 = TestFiles\Valid\Fraunhofer VBR 44100Hz Stereo.mp3
		TestFiles\Valid\JPEG 24-bit 1280 x 935.jpg = TestFiles\Valid\JPEG 24-bit 1280 x 935.jpg
		TestFiles\Valid\Lame CBR 128 44100Hz Stereo (APIC frame - JPEG).mp3 = TestFiles\Valid\Lame CBR 128 44100Hz Stereo (APIC frame - JPEG).mp3
		TestFiles\Valid\Lame CBR 128 44100Hz Stereo (APIC frame - PNG).mp3 = TestFiles\Valid\Lame CBR 128 44100Hz Stereo (APIC frame - PNG).mp3
		TestFiles\Valid\Lame CBR 128 44100Hz Stereo (ID3v1).mp3 = TestFiles\Valid\Lame CBR 128 44100Hz Stereo (ID3v1).mp3
		TestFiles\Valid\Lame CBR 128 44100Hz Stereo (ID3v2.3 Latin1).mp3 = TestFiles\Valid\Lame CBR 128 44100Hz Stereo (ID3v2.3 Latin1).mp3
		TestFiles\Valid\Lame CBR 128 44100Hz Stereo (ID3v2.3 UTF16).mp3 = TestFiles\Valid\Lame CBR 128 44100Hz Stereo (ID3v2.3 UTF16).mp3
		TestFiles\Valid\Lame CBR 128 44100Hz Stereo (no header).mp3 = TestFiles\Valid\Lame CBR 128 44100Hz Stereo (no header).mp3
		TestFiles\Valid\Lame CBR 128 44100Hz Stereo.mp3 = TestFiles\Valid\Lame CBR 128 44100Hz Stereo.mp3
		TestFiles\Valid\Lame CBR 128 48000Hz Stereo.mp3 = TestFiles\Valid\Lame CBR 128 48000Hz Stereo.mp3
		TestFiles\Valid\Lame CBR 24 8000Hz Stereo.mp3 = TestFiles\Valid\Lame CBR 24 8000Hz Stereo.mp3
		TestFiles\Valid\Lame CBR 64 44100Hz Mono.mp3 = TestFiles\Valid\Lame CBR 64 44100Hz Mono.mp3
		TestFiles\Valid\Lame VBR Standard 44100Hz Stereo.mp3 = TestFiles\Valid\Lame VBR Standard 44100Hz Stereo.mp3
		TestFiles\Valid\LPCM 16-bit 44100Hz Mono.wav = TestFiles\Valid\LPCM 16-bit 44100Hz Mono.wav
		TestFiles\Valid\LPCM 16-bit 44100Hz Stereo (extensible).wav = TestFiles\Valid\LPCM 16-bit 44100Hz Stereo (extensible).wav
		TestFiles\Valid\LPCM 16-bit 44100Hz Stereo.wav = TestFiles\Valid\LPCM 16-bit 44100Hz Stereo.wav
		TestFiles\Valid\LPCM 16-bit 48000Hz Stereo.wav = TestFiles\Valid\LPCM 16-bit 48000Hz Stereo.wav
		TestFiles\Valid\LPCM 24-bit 96000Hz Stereo.wav = TestFiles\Valid\LPCM 24-bit 96000Hz Stereo.wav
		TestFiles\Valid\LPCM 8-bit 8000Hz Stereo.wav = TestFiles\Valid\LPCM 8-bit 8000Hz Stereo.wav
		TestFiles\Valid\PNG 24-bit 1280 x 935.png = TestFiles\Valid\PNG 24-bit 1280 x 935.png
		TestFiles\Valid\QAAC TVBR 91 44100Hz Mono.m4a = TestFiles\Valid\QAAC TVBR 91 44100Hz Mono.m4a
		TestFiles\Valid\QAAC TVBR 91 44100Hz Stereo (Tagged).m4a = TestFiles\Valid\QAAC TVBR 91 44100Hz Stereo (Tagged).m4a
		TestFiles\Valid\QAAC TVBR 91 44100Hz Stereo.m4a = TestFiles\Valid\QAAC TVBR 91 44100Hz Stereo.m4a
		TestFiles\Valid\QAAC TVBR 91 48000Hz Stereo.m4a = TestFiles\Valid\QAAC TVBR 91 48000Hz Stereo.m4a
		TestFiles\Valid\QAAC TVBR 91 8000Hz Stereo.m4a = TestFiles\Valid\QAAC TVBR 91 8000Hz Stereo.m4a
		TestFiles\Valid\Track 1 LPCM 16-bit 44100Hz Mono.wav = TestFiles\Valid\Track 1 LPCM 16-bit 44100Hz Mono.wav
		TestFiles\Valid\Track 1 LPCM 16-bit 44100Hz Stereo.wav = TestFiles\Valid\Track 1 LPCM 16-bit 44100Hz Stereo.wav
		TestFiles\Valid\Track 1 LPCM 16-bit 48000Hz Stereo.wav = TestFiles\Valid\Track 1 LPCM 16-bit 48000Hz Stereo.wav
		TestFiles\Valid\Track 1 LPCM 24-bit 96000Hz Stereo.wav = TestFiles\Valid\Track 1 LPCM 24-bit 96000Hz Stereo.wav
		TestFiles\Valid\Track 1 LPCM 8-bit 8000Hz Stereo.wav = TestFiles\Valid\Track 1 LPCM 8-bit 8000Hz Stereo.wav
		TestFiles\Valid\Track 2 LPCM 16-bit 44100Hz Mono.wav = TestFiles\Valid\Track 2 LPCM 16-bit 44100Hz Mono.wav
		TestFiles\Valid\Track 2 LPCM 16-bit 44100Hz Stereo.wav = TestFiles\Valid\Track 2 LPCM 16-bit 44100Hz Stereo.wav
		TestFiles\Valid\Track 2 LPCM 16-bit 48000Hz Stereo.wav = TestFiles\Valid\Track 2 LPCM 16-bit 48000Hz Stereo.wav
		TestFiles\Valid\Track 2 LPCM 24-bit 96000Hz Stereo.wav = TestFiles\Valid\Track 2 LPCM 24-bit 96000Hz Stereo.wav
		TestFiles\Valid\Track 2 LPCM 8-bit 8000Hz Stereo.wav = TestFiles\Valid\Track 2 LPCM 8-bit 8000Hz Stereo.wav
		TestFiles\Valid\Track 3 LPCM 16-bit 44100Hz Mono.wav = TestFiles\Valid\Track 3 LPCM 16-bit 44100Hz Mono.wav
		TestFiles\Valid\Track 3 LPCM 16-bit 44100Hz Stereo.wav = TestFiles\Valid\Track 3 LPCM 16-bit 44100Hz Stereo.wav
		TestFiles\Valid\Track 3 LPCM 16-bit 48000Hz Stereo.wav = TestFiles\Valid\Track 3 LPCM 16-bit 48000Hz Stereo.wav
		TestFiles\Valid\Track 3 LPCM 24-bit 96000Hz Stereo.wav = TestFiles\Valid\Track 3 LPCM 24-bit 96000Hz Stereo.wav
		TestFiles\Valid\Track 3 LPCM 8-bit 8000Hz Stereo.wav = TestFiles\Valid\Track 3 LPCM 8-bit 8000Hz Stereo.wav
		TestFiles\Valid\Vorbis Quality 3 44100Hz Mono.ogg = TestFiles\Valid\Vorbis Quality 3 44100Hz Mono.ogg
		TestFiles\Valid\Vorbis Quality 3 44100Hz Stereo (PICTURE comment - JPEG).ogg = TestFiles\Valid\Vorbis Quality 3 44100Hz Stereo (PICTURE comment - JPEG).ogg
		TestFiles\Valid\Vorbis Quality 3 44100Hz Stereo (PICTURE comment - PNG).ogg = TestFiles\Valid\Vorbis Quality 3 44100Hz Stereo (PICTURE comment - PNG).ogg
		TestFiles\Valid\Vorbis Quality 3 44100Hz Stereo (Tagged using COMMENT).ogg = TestFiles\Valid\Vorbis Quality 3 44100Hz Stereo (Tagged using COMMENT).ogg
		TestFiles\Valid\Vorbis Quality 3 44100Hz Stereo (Tagged using defaults).ogg = TestFiles\Valid\Vorbis Quality 3 44100Hz Stereo (Tagged using defaults).ogg
		TestFiles\Valid\Vorbis Quality 3 44100Hz Stereo (Tagged using extended DATE).ogg = TestFiles\Valid\Vorbis Quality 3 44100Hz Stereo (Tagged using extended DATE).ogg
		TestFiles\Valid\Vorbis Quality 3 44100Hz Stereo (Tagged using invalid DATE).ogg = TestFiles\Valid\Vorbis Quality 3 44100Hz Stereo (Tagged using invalid DATE).ogg
		TestFiles\Valid\Vorbis Quality 3 44100Hz Stereo (Tagged using invalid ReplayGain fields).ogg = TestFiles\Valid\Vorbis Quality 3 44100Hz Stereo (Tagged using invalid ReplayGain fields).ogg
		TestFiles\Valid\Vorbis Quality 3 44100Hz Stereo (Tagged using invalid TRACKNUMBER).ogg = TestFiles\Valid\Vorbis Quality 3 44100Hz Stereo (Tagged using invalid TRACKNUMBER).ogg
		TestFiles\Valid\Vorbis Quality 3 44100Hz Stereo (Tagged using mixed-case fields).ogg = TestFiles\Valid\Vorbis Quality 3 44100Hz Stereo (Tagged using mixed-case fields).ogg
		TestFiles\Valid\Vorbis Quality 3 44100Hz Stereo (Tagged using ReplayGain with '+' sign).ogg = TestFiles\Valid\Vorbis Quality 3 44100Hz Stereo (Tagged using ReplayGain with '+' sign).ogg
		TestFiles\Valid\Vorbis Quality 3 44100Hz Stereo (Tagged using ReplayGain with missing 'dB').ogg = TestFiles\Valid\Vorbis Quality 3 44100Hz Stereo (Tagged using ReplayGain with missing 'dB').ogg
		TestFiles\Valid\Vorbis Quality 3 44100Hz Stereo (Tagged using TOTALTRACKS).ogg = TestFiles\Valid\Vorbis Quality 3 44100Hz Stereo (Tagged using TOTALTRACKS).ogg
		TestFiles\Valid\Vorbis Quality 3 44100Hz Stereo (Tagged using TRACKCOUNT).ogg = TestFiles\Valid\Vorbis Quality 3 44100Hz Stereo (Tagged using TRACKCOUNT).ogg
		TestFiles\Valid\Vorbis Quality 3 44100Hz Stereo (Tagged using TRACKTOTAL).ogg = TestFiles\Valid\Vorbis Quality 3 44100Hz Stereo (Tagged using TRACKTOTAL).ogg
		TestFiles\Valid\Vorbis Quality 3 44100Hz Stereo (Tagged using YEAR).ogg = TestFiles\Valid\Vorbis Quality 3 44100Hz Stereo (Tagged using YEAR).ogg
		TestFiles\Valid\Vorbis Quality 3 44100Hz Stereo.ogg = TestFiles\Valid\Vorbis Quality 3 44100Hz Stereo.ogg
		TestFiles\Valid\Vorbis Quality 3 48000Hz Stereo.ogg = TestFiles\Valid\Vorbis Quality 3 48000Hz Stereo.ogg
		TestFiles\Valid\Vorbis Quality 3 8000Hz Stereo.ogg = TestFiles\Valid\Vorbis Quality 3 8000Hz Stereo.ogg
		TestFiles\Valid\Vorbis Quality 3 96000Hz Stereo.ogg = TestFiles\Valid\Vorbis Quality 3 96000Hz Stereo.ogg
	EndProjectSection
EndProject
Project("{9A19103F-16F7-4668-BE54-9A1E7A4F7556}") = "AudioWorks.Api.Tests", "tests\AudioWorks.Api.Tests\AudioWorks.Api.Tests.csproj", "{83565750-78B5-4481-AAF6-C2732E3CE040}"
	ProjectSection(ProjectDependencies) = postProject
		{327C902A-DEF9-46AA-850E-1023BB2D8187} = {327C902A-DEF9-46AA-850E-1023BB2D8187}
		{5716EF44-6F81-4C73-B16C-43B1952A4A44} = {5716EF44-6F81-4C73-B16C-43B1952A4A44}
		{EFF5C54D-EC06-4BE5-8440-9C48B8413F00} = {EFF5C54D-EC06-4BE5-8440-9C48B8413F00}
		{0F6C00B0-92C7-4755-B1C6-133E88E6333A} = {0F6C00B0-92C7-4755-B1C6-133E88E6333A}
		{A6D283BB-E6A0-466F-841D-C7FAA7899901} = {A6D283BB-E6A0-466F-841D-C7FAA7899901}
		{524FE5BD-705A-43C5-B289-FD5086B00AEA} = {524FE5BD-705A-43C5-B289-FD5086B00AEA}
		{FD0CD1DC-F7D0-48E2-9E59-C5DD6AB4FAA1} = {FD0CD1DC-F7D0-48E2-9E59-C5DD6AB4FAA1}
		{1447D6EA-60F7-44A8-A5DA-69A4287348CF} = {1447D6EA-60F7-44A8-A5DA-69A4287348CF}
		{8A917CF5-0610-4858-80E4-041C61E7DE72} = {8A917CF5-0610-4858-80E4-041C61E7DE72}
	EndProjectSection
EndProject
Project("{9A19103F-16F7-4668-BE54-9A1E7A4F7556}") = "AudioWorks.Extensions.Mp3", "src\Extensions\AudioWorks.Extensions.Mp3\AudioWorks.Extensions.Mp3.csproj", "{327C902A-DEF9-46AA-850E-1023BB2D8187}"
EndProject
Project("{9A19103F-16F7-4668-BE54-9A1E7A4F7556}") = "AudioWorks.Extensions.Mp4", "src\Extensions\AudioWorks.Extensions.Mp4\AudioWorks.Extensions.Mp4.csproj", "{0F6C00B0-92C7-4755-B1C6-133E88E6333A}"
EndProject
Project("{9A19103F-16F7-4668-BE54-9A1E7A4F7556}") = "AudioWorks.Extensions.Vorbis", "src\Extensions\AudioWorks.Extensions.Vorbis\AudioWorks.Extensions.Vorbis.csproj", "{5716EF44-6F81-4C73-B16C-43B1952A4A44}"
EndProject
Project("{9A19103F-16F7-4668-BE54-9A1E7A4F7556}") = "AudioWorks.Extensions.Flac", "src\Extensions\AudioWorks.Extensions.Flac\AudioWorks.Extensions.Flac.csproj", "{FD0CD1DC-F7D0-48E2-9E59-C5DD6AB4FAA1}"
EndProject
Project("{9A19103F-16F7-4668-BE54-9A1E7A4F7556}") = "AudioWorks.Extensions.Id3", "src\Extensions\AudioWorks.Extensions.Id3\AudioWorks.Extensions.Id3.csproj", "{EFF5C54D-EC06-4BE5-8440-9C48B8413F00}"
EndProject
Project("{9A19103F-16F7-4668-BE54-9A1E7A4F7556}") = "AudioWorks.Extensions.ReplayGain", "src\Extensions\AudioWorks.Extensions.ReplayGain\AudioWorks.Extensions.ReplayGain.csproj", "{8A917CF5-0610-4858-80E4-041C61E7DE72}"
EndProject
Project("{9A19103F-16F7-4668-BE54-9A1E7A4F7556}") = "AudioWorks.Extensions.Apple", "src\Extensions\AudioWorks.Extensions.Apple\AudioWorks.Extensions.Apple.csproj", "{524FE5BD-705A-43C5-B289-FD5086B00AEA}"
EndProject
Project("{9A19103F-16F7-4668-BE54-9A1E7A4F7556}") = "AudioWorks.Extensions.Lame", "src\Extensions\AudioWorks.Extensions.Lame\AudioWorks.Extensions.Lame.csproj", "{A6D283BB-E6A0-466F-841D-C7FAA7899901}"
EndProject
Global
	GlobalSection(SolutionConfigurationPlatforms) = preSolution
		Debug|Any CPU = Debug|Any CPU
		Debug-Linux|Any CPU = Debug-Linux|Any CPU
		Debug-OSX|Any CPU = Debug-OSX|Any CPU
		Debug-Windows|Any CPU = Debug-Windows|Any CPU
		Release|Any CPU = Release|Any CPU
		Release-Linux|Any CPU = Release-Linux|Any CPU
		Release-OSX|Any CPU = Release-OSX|Any CPU
		Release-Windows|Any CPU = Release-Windows|Any CPU
	EndGlobalSection
	GlobalSection(ProjectConfigurationPlatforms) = postSolution
		{53605AC7-B464-478F-ABA4-EBE6CB8BC968}.Debug|Any CPU.ActiveCfg = Debug-Windows|Any CPU
		{53605AC7-B464-478F-ABA4-EBE6CB8BC968}.Debug|Any CPU.Build.0 = Debug-Windows|Any CPU
		{53605AC7-B464-478F-ABA4-EBE6CB8BC968}.Debug-Linux|Any CPU.ActiveCfg = Debug-Linux|Any CPU
		{53605AC7-B464-478F-ABA4-EBE6CB8BC968}.Debug-Linux|Any CPU.Build.0 = Debug-Linux|Any CPU
		{53605AC7-B464-478F-ABA4-EBE6CB8BC968}.Debug-OSX|Any CPU.ActiveCfg = Debug-OSX|Any CPU
		{53605AC7-B464-478F-ABA4-EBE6CB8BC968}.Debug-OSX|Any CPU.Build.0 = Debug-OSX|Any CPU
		{53605AC7-B464-478F-ABA4-EBE6CB8BC968}.Debug-Windows|Any CPU.ActiveCfg = Debug-Windows|Any CPU
		{53605AC7-B464-478F-ABA4-EBE6CB8BC968}.Debug-Windows|Any CPU.Build.0 = Debug-Windows|Any CPU
		{53605AC7-B464-478F-ABA4-EBE6CB8BC968}.Release|Any CPU.ActiveCfg = Release-Windows|Any CPU
		{53605AC7-B464-478F-ABA4-EBE6CB8BC968}.Release|Any CPU.Build.0 = Release-Windows|Any CPU
		{53605AC7-B464-478F-ABA4-EBE6CB8BC968}.Release-Linux|Any CPU.ActiveCfg = Release-Linux|Any CPU
		{53605AC7-B464-478F-ABA4-EBE6CB8BC968}.Release-Linux|Any CPU.Build.0 = Release-Linux|Any CPU
		{53605AC7-B464-478F-ABA4-EBE6CB8BC968}.Release-OSX|Any CPU.ActiveCfg = Release-OSX|Any CPU
		{53605AC7-B464-478F-ABA4-EBE6CB8BC968}.Release-OSX|Any CPU.Build.0 = Release-OSX|Any CPU
		{53605AC7-B464-478F-ABA4-EBE6CB8BC968}.Release-Windows|Any CPU.ActiveCfg = Release-Windows|Any CPU
		{53605AC7-B464-478F-ABA4-EBE6CB8BC968}.Release-Windows|Any CPU.Build.0 = Release-Windows|Any CPU
		{6424C037-48CC-4518-BD51-D45275545FE2}.Debug|Any CPU.ActiveCfg = Debug-Windows|Any CPU
		{6424C037-48CC-4518-BD51-D45275545FE2}.Debug|Any CPU.Build.0 = Debug-Windows|Any CPU
		{6424C037-48CC-4518-BD51-D45275545FE2}.Debug-Linux|Any CPU.ActiveCfg = Debug-Linux|Any CPU
		{6424C037-48CC-4518-BD51-D45275545FE2}.Debug-Linux|Any CPU.Build.0 = Debug-Linux|Any CPU
		{6424C037-48CC-4518-BD51-D45275545FE2}.Debug-OSX|Any CPU.ActiveCfg = Debug-OSX|Any CPU
		{6424C037-48CC-4518-BD51-D45275545FE2}.Debug-OSX|Any CPU.Build.0 = Debug-OSX|Any CPU
		{6424C037-48CC-4518-BD51-D45275545FE2}.Debug-Windows|Any CPU.ActiveCfg = Debug-Windows|Any CPU
		{6424C037-48CC-4518-BD51-D45275545FE2}.Debug-Windows|Any CPU.Build.0 = Debug-Windows|Any CPU
		{6424C037-48CC-4518-BD51-D45275545FE2}.Release|Any CPU.ActiveCfg = Release-Windows|Any CPU
		{6424C037-48CC-4518-BD51-D45275545FE2}.Release|Any CPU.Build.0 = Release-Windows|Any CPU
		{6424C037-48CC-4518-BD51-D45275545FE2}.Release-Linux|Any CPU.ActiveCfg = Release-Linux|Any CPU
		{6424C037-48CC-4518-BD51-D45275545FE2}.Release-Linux|Any CPU.Build.0 = Release-Linux|Any CPU
		{6424C037-48CC-4518-BD51-D45275545FE2}.Release-OSX|Any CPU.ActiveCfg = Release-OSX|Any CPU
		{6424C037-48CC-4518-BD51-D45275545FE2}.Release-OSX|Any CPU.Build.0 = Release-OSX|Any CPU
		{6424C037-48CC-4518-BD51-D45275545FE2}.Release-Windows|Any CPU.ActiveCfg = Release-Windows|Any CPU
		{6424C037-48CC-4518-BD51-D45275545FE2}.Release-Windows|Any CPU.Build.0 = Release-Windows|Any CPU
		{EBCF9266-D1CE-43F5-BB62-8E33FD4FE3F1}.Debug|Any CPU.ActiveCfg = Debug-Windows|Any CPU
		{EBCF9266-D1CE-43F5-BB62-8E33FD4FE3F1}.Debug|Any CPU.Build.0 = Debug-Windows|Any CPU
		{EBCF9266-D1CE-43F5-BB62-8E33FD4FE3F1}.Debug-Linux|Any CPU.ActiveCfg = Debug-Linux|Any CPU
		{EBCF9266-D1CE-43F5-BB62-8E33FD4FE3F1}.Debug-Linux|Any CPU.Build.0 = Debug-Linux|Any CPU
		{EBCF9266-D1CE-43F5-BB62-8E33FD4FE3F1}.Debug-OSX|Any CPU.ActiveCfg = Debug-OSX|Any CPU
		{EBCF9266-D1CE-43F5-BB62-8E33FD4FE3F1}.Debug-OSX|Any CPU.Build.0 = Debug-OSX|Any CPU
		{EBCF9266-D1CE-43F5-BB62-8E33FD4FE3F1}.Debug-Windows|Any CPU.ActiveCfg = Debug-Windows|Any CPU
		{EBCF9266-D1CE-43F5-BB62-8E33FD4FE3F1}.Debug-Windows|Any CPU.Build.0 = Debug-Windows|Any CPU
		{EBCF9266-D1CE-43F5-BB62-8E33FD4FE3F1}.Release|Any CPU.ActiveCfg = Release-Windows|Any CPU
		{EBCF9266-D1CE-43F5-BB62-8E33FD4FE3F1}.Release|Any CPU.Build.0 = Release-Windows|Any CPU
		{EBCF9266-D1CE-43F5-BB62-8E33FD4FE3F1}.Release-Linux|Any CPU.ActiveCfg = Release-Linux|Any CPU
		{EBCF9266-D1CE-43F5-BB62-8E33FD4FE3F1}.Release-Linux|Any CPU.Build.0 = Release-Linux|Any CPU
		{EBCF9266-D1CE-43F5-BB62-8E33FD4FE3F1}.Release-OSX|Any CPU.ActiveCfg = Release-OSX|Any CPU
		{EBCF9266-D1CE-43F5-BB62-8E33FD4FE3F1}.Release-OSX|Any CPU.Build.0 = Release-OSX|Any CPU
		{EBCF9266-D1CE-43F5-BB62-8E33FD4FE3F1}.Release-Windows|Any CPU.ActiveCfg = Release-Windows|Any CPU
		{EBCF9266-D1CE-43F5-BB62-8E33FD4FE3F1}.Release-Windows|Any CPU.Build.0 = Release-Windows|Any CPU
		{5D6DB758-33DA-45B5-9C20-5775E526BC2C}.Debug|Any CPU.ActiveCfg = Debug-Windows|Any CPU
		{5D6DB758-33DA-45B5-9C20-5775E526BC2C}.Debug|Any CPU.Build.0 = Debug-Windows|Any CPU
		{5D6DB758-33DA-45B5-9C20-5775E526BC2C}.Debug-Linux|Any CPU.ActiveCfg = Debug-Linux|Any CPU
		{5D6DB758-33DA-45B5-9C20-5775E526BC2C}.Debug-Linux|Any CPU.Build.0 = Debug-Linux|Any CPU
		{5D6DB758-33DA-45B5-9C20-5775E526BC2C}.Debug-OSX|Any CPU.ActiveCfg = Debug-OSX|Any CPU
		{5D6DB758-33DA-45B5-9C20-5775E526BC2C}.Debug-OSX|Any CPU.Build.0 = Debug-OSX|Any CPU
		{5D6DB758-33DA-45B5-9C20-5775E526BC2C}.Debug-Windows|Any CPU.ActiveCfg = Debug-Windows|Any CPU
		{5D6DB758-33DA-45B5-9C20-5775E526BC2C}.Debug-Windows|Any CPU.Build.0 = Debug-Windows|Any CPU
		{5D6DB758-33DA-45B5-9C20-5775E526BC2C}.Release|Any CPU.ActiveCfg = Release-Windows|Any CPU
		{5D6DB758-33DA-45B5-9C20-5775E526BC2C}.Release|Any CPU.Build.0 = Release-Windows|Any CPU
		{5D6DB758-33DA-45B5-9C20-5775E526BC2C}.Release-Linux|Any CPU.ActiveCfg = Release-Linux|Any CPU
		{5D6DB758-33DA-45B5-9C20-5775E526BC2C}.Release-Linux|Any CPU.Build.0 = Release-Linux|Any CPU
		{5D6DB758-33DA-45B5-9C20-5775E526BC2C}.Release-OSX|Any CPU.ActiveCfg = Release-OSX|Any CPU
		{5D6DB758-33DA-45B5-9C20-5775E526BC2C}.Release-OSX|Any CPU.Build.0 = Release-OSX|Any CPU
		{5D6DB758-33DA-45B5-9C20-5775E526BC2C}.Release-Windows|Any CPU.ActiveCfg = Release-Windows|Any CPU
		{5D6DB758-33DA-45B5-9C20-5775E526BC2C}.Release-Windows|Any CPU.Build.0 = Release-Windows|Any CPU
		{D237F613-F6AF-4B79-B297-56A5EB75BB97}.Debug|Any CPU.ActiveCfg = Debug-Windows|Any CPU
		{D237F613-F6AF-4B79-B297-56A5EB75BB97}.Debug|Any CPU.Build.0 = Debug-Windows|Any CPU
		{D237F613-F6AF-4B79-B297-56A5EB75BB97}.Debug-Linux|Any CPU.ActiveCfg = Debug-Linux|Any CPU
		{D237F613-F6AF-4B79-B297-56A5EB75BB97}.Debug-Linux|Any CPU.Build.0 = Debug-Linux|Any CPU
		{D237F613-F6AF-4B79-B297-56A5EB75BB97}.Debug-OSX|Any CPU.ActiveCfg = Debug-OSX|Any CPU
		{D237F613-F6AF-4B79-B297-56A5EB75BB97}.Debug-OSX|Any CPU.Build.0 = Debug-OSX|Any CPU
		{D237F613-F6AF-4B79-B297-56A5EB75BB97}.Debug-Windows|Any CPU.ActiveCfg = Debug-Windows|Any CPU
		{D237F613-F6AF-4B79-B297-56A5EB75BB97}.Debug-Windows|Any CPU.Build.0 = Debug-Windows|Any CPU
		{D237F613-F6AF-4B79-B297-56A5EB75BB97}.Release|Any CPU.ActiveCfg = Release-Windows|Any CPU
		{D237F613-F6AF-4B79-B297-56A5EB75BB97}.Release|Any CPU.Build.0 = Release-Windows|Any CPU
		{D237F613-F6AF-4B79-B297-56A5EB75BB97}.Release-Linux|Any CPU.ActiveCfg = Release-Linux|Any CPU
		{D237F613-F6AF-4B79-B297-56A5EB75BB97}.Release-Linux|Any CPU.Build.0 = Release-Linux|Any CPU
		{D237F613-F6AF-4B79-B297-56A5EB75BB97}.Release-OSX|Any CPU.ActiveCfg = Release-OSX|Any CPU
		{D237F613-F6AF-4B79-B297-56A5EB75BB97}.Release-OSX|Any CPU.Build.0 = Release-OSX|Any CPU
		{D237F613-F6AF-4B79-B297-56A5EB75BB97}.Release-Windows|Any CPU.ActiveCfg = Release-Windows|Any CPU
		{D237F613-F6AF-4B79-B297-56A5EB75BB97}.Release-Windows|Any CPU.Build.0 = Release-Windows|Any CPU
		{1447D6EA-60F7-44A8-A5DA-69A4287348CF}.Debug|Any CPU.ActiveCfg = Debug-Windows|Any CPU
		{1447D6EA-60F7-44A8-A5DA-69A4287348CF}.Debug|Any CPU.Build.0 = Debug-Windows|Any CPU
		{1447D6EA-60F7-44A8-A5DA-69A4287348CF}.Debug-Linux|Any CPU.ActiveCfg = Debug-Linux|Any CPU
		{1447D6EA-60F7-44A8-A5DA-69A4287348CF}.Debug-Linux|Any CPU.Build.0 = Debug-Linux|Any CPU
		{1447D6EA-60F7-44A8-A5DA-69A4287348CF}.Debug-OSX|Any CPU.ActiveCfg = Debug-OSX|Any CPU
		{1447D6EA-60F7-44A8-A5DA-69A4287348CF}.Debug-OSX|Any CPU.Build.0 = Debug-OSX|Any CPU
		{1447D6EA-60F7-44A8-A5DA-69A4287348CF}.Debug-Windows|Any CPU.ActiveCfg = Debug-Windows|Any CPU
		{1447D6EA-60F7-44A8-A5DA-69A4287348CF}.Debug-Windows|Any CPU.Build.0 = Debug-Windows|Any CPU
		{1447D6EA-60F7-44A8-A5DA-69A4287348CF}.Release|Any CPU.ActiveCfg = Release-Windows|Any CPU
		{1447D6EA-60F7-44A8-A5DA-69A4287348CF}.Release|Any CPU.Build.0 = Release-Windows|Any CPU
		{1447D6EA-60F7-44A8-A5DA-69A4287348CF}.Release-Linux|Any CPU.ActiveCfg = Release-Linux|Any CPU
		{1447D6EA-60F7-44A8-A5DA-69A4287348CF}.Release-Linux|Any CPU.Build.0 = Release-Linux|Any CPU
		{1447D6EA-60F7-44A8-A5DA-69A4287348CF}.Release-OSX|Any CPU.ActiveCfg = Release-OSX|Any CPU
		{1447D6EA-60F7-44A8-A5DA-69A4287348CF}.Release-OSX|Any CPU.Build.0 = Release-OSX|Any CPU
		{1447D6EA-60F7-44A8-A5DA-69A4287348CF}.Release-Windows|Any CPU.ActiveCfg = Release-Windows|Any CPU
		{1447D6EA-60F7-44A8-A5DA-69A4287348CF}.Release-Windows|Any CPU.Build.0 = Release-Windows|Any CPU
		{83565750-78B5-4481-AAF6-C2732E3CE040}.Debug|Any CPU.ActiveCfg = Debug-Windows|Any CPU
		{83565750-78B5-4481-AAF6-C2732E3CE040}.Debug|Any CPU.Build.0 = Debug-Windows|Any CPU
		{83565750-78B5-4481-AAF6-C2732E3CE040}.Debug-Linux|Any CPU.ActiveCfg = Debug-Linux|Any CPU
		{83565750-78B5-4481-AAF6-C2732E3CE040}.Debug-Linux|Any CPU.Build.0 = Debug-Linux|Any CPU
		{83565750-78B5-4481-AAF6-C2732E3CE040}.Debug-OSX|Any CPU.ActiveCfg = Debug-OSX|Any CPU
		{83565750-78B5-4481-AAF6-C2732E3CE040}.Debug-OSX|Any CPU.Build.0 = Debug-OSX|Any CPU
		{83565750-78B5-4481-AAF6-C2732E3CE040}.Debug-Windows|Any CPU.ActiveCfg = Debug-Windows|Any CPU
		{83565750-78B5-4481-AAF6-C2732E3CE040}.Debug-Windows|Any CPU.Build.0 = Debug-Windows|Any CPU
		{83565750-78B5-4481-AAF6-C2732E3CE040}.Release|Any CPU.ActiveCfg = Release-Windows|Any CPU
		{83565750-78B5-4481-AAF6-C2732E3CE040}.Release|Any CPU.Build.0 = Release-Windows|Any CPU
		{83565750-78B5-4481-AAF6-C2732E3CE040}.Release-Linux|Any CPU.ActiveCfg = Release-Linux|Any CPU
		{83565750-78B5-4481-AAF6-C2732E3CE040}.Release-Linux|Any CPU.Build.0 = Release-Linux|Any CPU
		{83565750-78B5-4481-AAF6-C2732E3CE040}.Release-OSX|Any CPU.ActiveCfg = Release-OSX|Any CPU
		{83565750-78B5-4481-AAF6-C2732E3CE040}.Release-OSX|Any CPU.Build.0 = Release-OSX|Any CPU
		{83565750-78B5-4481-AAF6-C2732E3CE040}.Release-Windows|Any CPU.ActiveCfg = Release-Windows|Any CPU
		{83565750-78B5-4481-AAF6-C2732E3CE040}.Release-Windows|Any CPU.Build.0 = Release-Windows|Any CPU
		{327C902A-DEF9-46AA-850E-1023BB2D8187}.Debug|Any CPU.ActiveCfg = Debug-Windows|Any CPU
		{327C902A-DEF9-46AA-850E-1023BB2D8187}.Debug|Any CPU.Build.0 = Debug-Windows|Any CPU
		{327C902A-DEF9-46AA-850E-1023BB2D8187}.Debug-Linux|Any CPU.ActiveCfg = Debug-Linux|Any CPU
		{327C902A-DEF9-46AA-850E-1023BB2D8187}.Debug-Linux|Any CPU.Build.0 = Debug-Linux|Any CPU
		{327C902A-DEF9-46AA-850E-1023BB2D8187}.Debug-OSX|Any CPU.ActiveCfg = Debug-OSX|Any CPU
		{327C902A-DEF9-46AA-850E-1023BB2D8187}.Debug-OSX|Any CPU.Build.0 = Debug-OSX|Any CPU
		{327C902A-DEF9-46AA-850E-1023BB2D8187}.Debug-Windows|Any CPU.ActiveCfg = Debug-Windows|Any CPU
		{327C902A-DEF9-46AA-850E-1023BB2D8187}.Debug-Windows|Any CPU.Build.0 = Debug-Windows|Any CPU
		{327C902A-DEF9-46AA-850E-1023BB2D8187}.Release|Any CPU.ActiveCfg = Release-Windows|Any CPU
		{327C902A-DEF9-46AA-850E-1023BB2D8187}.Release|Any CPU.Build.0 = Release-Windows|Any CPU
		{327C902A-DEF9-46AA-850E-1023BB2D8187}.Release-Linux|Any CPU.ActiveCfg = Release-Linux|Any CPU
		{327C902A-DEF9-46AA-850E-1023BB2D8187}.Release-Linux|Any CPU.Build.0 = Release-Linux|Any CPU
		{327C902A-DEF9-46AA-850E-1023BB2D8187}.Release-OSX|Any CPU.ActiveCfg = Release-OSX|Any CPU
		{327C902A-DEF9-46AA-850E-1023BB2D8187}.Release-OSX|Any CPU.Build.0 = Release-OSX|Any CPU
		{327C902A-DEF9-46AA-850E-1023BB2D8187}.Release-Windows|Any CPU.ActiveCfg = Release-Windows|Any CPU
		{327C902A-DEF9-46AA-850E-1023BB2D8187}.Release-Windows|Any CPU.Build.0 = Release-Windows|Any CPU
		{0F6C00B0-92C7-4755-B1C6-133E88E6333A}.Debug|Any CPU.ActiveCfg = Debug-Windows|Any CPU
		{0F6C00B0-92C7-4755-B1C6-133E88E6333A}.Debug|Any CPU.Build.0 = Debug-Windows|Any CPU
		{0F6C00B0-92C7-4755-B1C6-133E88E6333A}.Debug-Linux|Any CPU.ActiveCfg = Debug-Linux|Any CPU
		{0F6C00B0-92C7-4755-B1C6-133E88E6333A}.Debug-Linux|Any CPU.Build.0 = Debug-Linux|Any CPU
		{0F6C00B0-92C7-4755-B1C6-133E88E6333A}.Debug-OSX|Any CPU.ActiveCfg = Debug-OSX|Any CPU
		{0F6C00B0-92C7-4755-B1C6-133E88E6333A}.Debug-OSX|Any CPU.Build.0 = Debug-OSX|Any CPU
		{0F6C00B0-92C7-4755-B1C6-133E88E6333A}.Debug-Windows|Any CPU.ActiveCfg = Debug-Windows|Any CPU
		{0F6C00B0-92C7-4755-B1C6-133E88E6333A}.Debug-Windows|Any CPU.Build.0 = Debug-Windows|Any CPU
		{0F6C00B0-92C7-4755-B1C6-133E88E6333A}.Release|Any CPU.ActiveCfg = Release-Windows|Any CPU
		{0F6C00B0-92C7-4755-B1C6-133E88E6333A}.Release|Any CPU.Build.0 = Release-Windows|Any CPU
		{0F6C00B0-92C7-4755-B1C6-133E88E6333A}.Release-Linux|Any CPU.ActiveCfg = Release-Linux|Any CPU
		{0F6C00B0-92C7-4755-B1C6-133E88E6333A}.Release-Linux|Any CPU.Build.0 = Release-Linux|Any CPU
		{0F6C00B0-92C7-4755-B1C6-133E88E6333A}.Release-OSX|Any CPU.ActiveCfg = Release-OSX|Any CPU
		{0F6C00B0-92C7-4755-B1C6-133E88E6333A}.Release-OSX|Any CPU.Build.0 = Release-OSX|Any CPU
		{0F6C00B0-92C7-4755-B1C6-133E88E6333A}.Release-Windows|Any CPU.ActiveCfg = Release-Windows|Any CPU
		{0F6C00B0-92C7-4755-B1C6-133E88E6333A}.Release-Windows|Any CPU.Build.0 = Release-Windows|Any CPU
		{5716EF44-6F81-4C73-B16C-43B1952A4A44}.Debug|Any CPU.ActiveCfg = Debug-Windows|Any CPU
		{5716EF44-6F81-4C73-B16C-43B1952A4A44}.Debug|Any CPU.Build.0 = Debug-Windows|Any CPU
		{5716EF44-6F81-4C73-B16C-43B1952A4A44}.Debug-Linux|Any CPU.ActiveCfg = Debug-Linux|Any CPU
		{5716EF44-6F81-4C73-B16C-43B1952A4A44}.Debug-Linux|Any CPU.Build.0 = Debug-Linux|Any CPU
		{5716EF44-6F81-4C73-B16C-43B1952A4A44}.Debug-OSX|Any CPU.ActiveCfg = Debug-OSX|Any CPU
		{5716EF44-6F81-4C73-B16C-43B1952A4A44}.Debug-OSX|Any CPU.Build.0 = Debug-OSX|Any CPU
		{5716EF44-6F81-4C73-B16C-43B1952A4A44}.Debug-Windows|Any CPU.ActiveCfg = Debug-Windows|Any CPU
		{5716EF44-6F81-4C73-B16C-43B1952A4A44}.Debug-Windows|Any CPU.Build.0 = Debug-Windows|Any CPU
		{5716EF44-6F81-4C73-B16C-43B1952A4A44}.Release|Any CPU.ActiveCfg = Release-Windows|Any CPU
		{5716EF44-6F81-4C73-B16C-43B1952A4A44}.Release|Any CPU.Build.0 = Release-Windows|Any CPU
		{5716EF44-6F81-4C73-B16C-43B1952A4A44}.Release-Linux|Any CPU.ActiveCfg = Release-Linux|Any CPU
		{5716EF44-6F81-4C73-B16C-43B1952A4A44}.Release-Linux|Any CPU.Build.0 = Release-Linux|Any CPU
		{5716EF44-6F81-4C73-B16C-43B1952A4A44}.Release-OSX|Any CPU.ActiveCfg = Release-OSX|Any CPU
		{5716EF44-6F81-4C73-B16C-43B1952A4A44}.Release-OSX|Any CPU.Build.0 = Release-OSX|Any CPU
		{5716EF44-6F81-4C73-B16C-43B1952A4A44}.Release-Windows|Any CPU.ActiveCfg = Release-Windows|Any CPU
		{5716EF44-6F81-4C73-B16C-43B1952A4A44}.Release-Windows|Any CPU.Build.0 = Release-Windows|Any CPU
		{FD0CD1DC-F7D0-48E2-9E59-C5DD6AB4FAA1}.Debug|Any CPU.ActiveCfg = Debug-Windows|Any CPU
		{FD0CD1DC-F7D0-48E2-9E59-C5DD6AB4FAA1}.Debug|Any CPU.Build.0 = Debug-Windows|Any CPU
		{FD0CD1DC-F7D0-48E2-9E59-C5DD6AB4FAA1}.Debug-Linux|Any CPU.ActiveCfg = Debug-Linux|Any CPU
		{FD0CD1DC-F7D0-48E2-9E59-C5DD6AB4FAA1}.Debug-Linux|Any CPU.Build.0 = Debug-Linux|Any CPU
		{FD0CD1DC-F7D0-48E2-9E59-C5DD6AB4FAA1}.Debug-OSX|Any CPU.ActiveCfg = Debug-OSX|Any CPU
		{FD0CD1DC-F7D0-48E2-9E59-C5DD6AB4FAA1}.Debug-OSX|Any CPU.Build.0 = Debug-OSX|Any CPU
		{FD0CD1DC-F7D0-48E2-9E59-C5DD6AB4FAA1}.Debug-Windows|Any CPU.ActiveCfg = Debug-Windows|Any CPU
		{FD0CD1DC-F7D0-48E2-9E59-C5DD6AB4FAA1}.Debug-Windows|Any CPU.Build.0 = Debug-Windows|Any CPU
		{FD0CD1DC-F7D0-48E2-9E59-C5DD6AB4FAA1}.Release|Any CPU.ActiveCfg = Release-Windows|Any CPU
		{FD0CD1DC-F7D0-48E2-9E59-C5DD6AB4FAA1}.Release|Any CPU.Build.0 = Release-Windows|Any CPU
		{FD0CD1DC-F7D0-48E2-9E59-C5DD6AB4FAA1}.Release-Linux|Any CPU.ActiveCfg = Release-Linux|Any CPU
		{FD0CD1DC-F7D0-48E2-9E59-C5DD6AB4FAA1}.Release-Linux|Any CPU.Build.0 = Release-Linux|Any CPU
		{FD0CD1DC-F7D0-48E2-9E59-C5DD6AB4FAA1}.Release-OSX|Any CPU.ActiveCfg = Release-OSX|Any CPU
		{FD0CD1DC-F7D0-48E2-9E59-C5DD6AB4FAA1}.Release-OSX|Any CPU.Build.0 = Release-OSX|Any CPU
		{FD0CD1DC-F7D0-48E2-9E59-C5DD6AB4FAA1}.Release-Windows|Any CPU.ActiveCfg = Release-Windows|Any CPU
		{FD0CD1DC-F7D0-48E2-9E59-C5DD6AB4FAA1}.Release-Windows|Any CPU.Build.0 = Release-Windows|Any CPU
		{EFF5C54D-EC06-4BE5-8440-9C48B8413F00}.Debug|Any CPU.ActiveCfg = Debug-Windows|Any CPU
		{EFF5C54D-EC06-4BE5-8440-9C48B8413F00}.Debug|Any CPU.Build.0 = Debug-Windows|Any CPU
		{EFF5C54D-EC06-4BE5-8440-9C48B8413F00}.Debug-Linux|Any CPU.ActiveCfg = Debug-Linux|Any CPU
		{EFF5C54D-EC06-4BE5-8440-9C48B8413F00}.Debug-Linux|Any CPU.Build.0 = Debug-Linux|Any CPU
		{EFF5C54D-EC06-4BE5-8440-9C48B8413F00}.Debug-OSX|Any CPU.ActiveCfg = Debug-OSX|Any CPU
		{EFF5C54D-EC06-4BE5-8440-9C48B8413F00}.Debug-OSX|Any CPU.Build.0 = Debug-OSX|Any CPU
		{EFF5C54D-EC06-4BE5-8440-9C48B8413F00}.Debug-Windows|Any CPU.ActiveCfg = Debug-Windows|Any CPU
		{EFF5C54D-EC06-4BE5-8440-9C48B8413F00}.Debug-Windows|Any CPU.Build.0 = Debug-Windows|Any CPU
		{EFF5C54D-EC06-4BE5-8440-9C48B8413F00}.Release|Any CPU.ActiveCfg = Release-Windows|Any CPU
		{EFF5C54D-EC06-4BE5-8440-9C48B8413F00}.Release|Any CPU.Build.0 = Release-Windows|Any CPU
		{EFF5C54D-EC06-4BE5-8440-9C48B8413F00}.Release-Linux|Any CPU.ActiveCfg = Release-Linux|Any CPU
		{EFF5C54D-EC06-4BE5-8440-9C48B8413F00}.Release-Linux|Any CPU.Build.0 = Release-Linux|Any CPU
		{EFF5C54D-EC06-4BE5-8440-9C48B8413F00}.Release-OSX|Any CPU.ActiveCfg = Release-OSX|Any CPU
		{EFF5C54D-EC06-4BE5-8440-9C48B8413F00}.Release-OSX|Any CPU.Build.0 = Release-OSX|Any CPU
		{EFF5C54D-EC06-4BE5-8440-9C48B8413F00}.Release-Windows|Any CPU.ActiveCfg = Release-Windows|Any CPU
		{EFF5C54D-EC06-4BE5-8440-9C48B8413F00}.Release-Windows|Any CPU.Build.0 = Release-Windows|Any CPU
		{8A917CF5-0610-4858-80E4-041C61E7DE72}.Debug|Any CPU.ActiveCfg = Debug-Windows|Any CPU
		{8A917CF5-0610-4858-80E4-041C61E7DE72}.Debug|Any CPU.Build.0 = Debug-Windows|Any CPU
		{8A917CF5-0610-4858-80E4-041C61E7DE72}.Debug-Linux|Any CPU.ActiveCfg = Debug-Linux|Any CPU
		{8A917CF5-0610-4858-80E4-041C61E7DE72}.Debug-Linux|Any CPU.Build.0 = Debug-Linux|Any CPU
		{8A917CF5-0610-4858-80E4-041C61E7DE72}.Debug-OSX|Any CPU.ActiveCfg = Debug-OSX|Any CPU
		{8A917CF5-0610-4858-80E4-041C61E7DE72}.Debug-OSX|Any CPU.Build.0 = Debug-OSX|Any CPU
		{8A917CF5-0610-4858-80E4-041C61E7DE72}.Debug-Windows|Any CPU.ActiveCfg = Debug-Windows|Any CPU
		{8A917CF5-0610-4858-80E4-041C61E7DE72}.Debug-Windows|Any CPU.Build.0 = Debug-Windows|Any CPU
		{8A917CF5-0610-4858-80E4-041C61E7DE72}.Release|Any CPU.ActiveCfg = Release-Windows|Any CPU
		{8A917CF5-0610-4858-80E4-041C61E7DE72}.Release|Any CPU.Build.0 = Release-Windows|Any CPU
		{8A917CF5-0610-4858-80E4-041C61E7DE72}.Release-Linux|Any CPU.ActiveCfg = Release-Linux|Any CPU
		{8A917CF5-0610-4858-80E4-041C61E7DE72}.Release-Linux|Any CPU.Build.0 = Release-Linux|Any CPU
		{8A917CF5-0610-4858-80E4-041C61E7DE72}.Release-OSX|Any CPU.ActiveCfg = Release-OSX|Any CPU
		{8A917CF5-0610-4858-80E4-041C61E7DE72}.Release-OSX|Any CPU.Build.0 = Release-OSX|Any CPU
		{8A917CF5-0610-4858-80E4-041C61E7DE72}.Release-Windows|Any CPU.ActiveCfg = Release-Windows|Any CPU
		{8A917CF5-0610-4858-80E4-041C61E7DE72}.Release-Windows|Any CPU.Build.0 = Release-Windows|Any CPU
		{524FE5BD-705A-43C5-B289-FD5086B00AEA}.Debug|Any CPU.ActiveCfg = Debug-OSX|Any CPU
		{524FE5BD-705A-43C5-B289-FD5086B00AEA}.Debug|Any CPU.Build.0 = Debug-OSX|Any CPU
		{524FE5BD-705A-43C5-B289-FD5086B00AEA}.Debug-Linux|Any CPU.ActiveCfg = Debug-Windows|Any CPU
		{524FE5BD-705A-43C5-B289-FD5086B00AEA}.Debug-OSX|Any CPU.ActiveCfg = Debug-OSX|Any CPU
		{524FE5BD-705A-43C5-B289-FD5086B00AEA}.Debug-OSX|Any CPU.Build.0 = Debug-OSX|Any CPU
		{524FE5BD-705A-43C5-B289-FD5086B00AEA}.Debug-Windows|Any CPU.ActiveCfg = Debug-Windows|Any CPU
		{524FE5BD-705A-43C5-B289-FD5086B00AEA}.Debug-Windows|Any CPU.Build.0 = Debug-Windows|Any CPU
		{524FE5BD-705A-43C5-B289-FD5086B00AEA}.Release|Any CPU.ActiveCfg = Release-OSX|Any CPU
		{524FE5BD-705A-43C5-B289-FD5086B00AEA}.Release|Any CPU.Build.0 = Release-OSX|Any CPU
		{524FE5BD-705A-43C5-B289-FD5086B00AEA}.Release-Linux|Any CPU.ActiveCfg = Release-Windows|Any CPU
		{524FE5BD-705A-43C5-B289-FD5086B00AEA}.Release-OSX|Any CPU.ActiveCfg = Release-OSX|Any CPU
		{524FE5BD-705A-43C5-B289-FD5086B00AEA}.Release-OSX|Any CPU.Build.0 = Release-OSX|Any CPU
		{524FE5BD-705A-43C5-B289-FD5086B00AEA}.Release-Windows|Any CPU.ActiveCfg = Release-Windows|Any CPU
		{524FE5BD-705A-43C5-B289-FD5086B00AEA}.Release-Windows|Any CPU.Build.0 = Release-Windows|Any CPU
		{A6D283BB-E6A0-466F-841D-C7FAA7899901}.Debug|Any CPU.ActiveCfg = Debug-Windows|Any CPU
		{A6D283BB-E6A0-466F-841D-C7FAA7899901}.Debug|Any CPU.Build.0 = Debug-Windows|Any CPU
		{A6D283BB-E6A0-466F-841D-C7FAA7899901}.Debug-Linux|Any CPU.ActiveCfg = Debug-Linux|Any CPU
		{A6D283BB-E6A0-466F-841D-C7FAA7899901}.Debug-Linux|Any CPU.Build.0 = Debug-Linux|Any CPU
		{A6D283BB-E6A0-466F-841D-C7FAA7899901}.Debug-OSX|Any CPU.ActiveCfg = Debug-OSX|Any CPU
		{A6D283BB-E6A0-466F-841D-C7FAA7899901}.Debug-OSX|Any CPU.Build.0 = Debug-OSX|Any CPU
		{A6D283BB-E6A0-466F-841D-C7FAA7899901}.Debug-Windows|Any CPU.ActiveCfg = Debug-Windows|Any CPU
		{A6D283BB-E6A0-466F-841D-C7FAA7899901}.Debug-Windows|Any CPU.Build.0 = Debug-Windows|Any CPU
		{A6D283BB-E6A0-466F-841D-C7FAA7899901}.Release|Any CPU.ActiveCfg = Release-Windows|Any CPU
		{A6D283BB-E6A0-466F-841D-C7FAA7899901}.Release|Any CPU.Build.0 = Release-Windows|Any CPU
		{A6D283BB-E6A0-466F-841D-C7FAA7899901}.Release-Linux|Any CPU.ActiveCfg = Release-Linux|Any CPU
		{A6D283BB-E6A0-466F-841D-C7FAA7899901}.Release-Linux|Any CPU.Build.0 = Release-Linux|Any CPU
		{A6D283BB-E6A0-466F-841D-C7FAA7899901}.Release-OSX|Any CPU.ActiveCfg = Release-OSX|Any CPU
		{A6D283BB-E6A0-466F-841D-C7FAA7899901}.Release-OSX|Any CPU.Build.0 = Release-OSX|Any CPU
		{A6D283BB-E6A0-466F-841D-C7FAA7899901}.Release-Windows|Any CPU.ActiveCfg = Release-Windows|Any CPU
		{A6D283BB-E6A0-466F-841D-C7FAA7899901}.Release-Windows|Any CPU.Build.0 = Release-Windows|Any CPU
	EndGlobalSection
	GlobalSection(SolutionProperties) = preSolution
		HideSolutionNode = FALSE
	EndGlobalSection
	GlobalSection(NestedProjects) = preSolution
		{D2650C7C-32ED-48DC-9B13-A1905BE1F9E7} = {ED5F2925-FC55-4D6B-8E32-7FD957F04B35}
		{F91FD451-BD07-4280-B74F-870DAF191591} = {ED5F2925-FC55-4D6B-8E32-7FD957F04B35}
		{1447D6EA-60F7-44A8-A5DA-69A4287348CF} = {5C8B6EE1-CC71-4069-BD6A-E82E550FED11}
		{F3EE5042-D0AB-4B5C-8255-4A1D87A8C4A1} = {ED5F2925-FC55-4D6B-8E32-7FD957F04B35}
		{327C902A-DEF9-46AA-850E-1023BB2D8187} = {5C8B6EE1-CC71-4069-BD6A-E82E550FED11}
		{0F6C00B0-92C7-4755-B1C6-133E88E6333A} = {5C8B6EE1-CC71-4069-BD6A-E82E550FED11}
		{5716EF44-6F81-4C73-B16C-43B1952A4A44} = {5C8B6EE1-CC71-4069-BD6A-E82E550FED11}
		{FD0CD1DC-F7D0-48E2-9E59-C5DD6AB4FAA1} = {5C8B6EE1-CC71-4069-BD6A-E82E550FED11}
		{EFF5C54D-EC06-4BE5-8440-9C48B8413F00} = {5C8B6EE1-CC71-4069-BD6A-E82E550FED11}
		{8A917CF5-0610-4858-80E4-041C61E7DE72} = {5C8B6EE1-CC71-4069-BD6A-E82E550FED11}
		{524FE5BD-705A-43C5-B289-FD5086B00AEA} = {5C8B6EE1-CC71-4069-BD6A-E82E550FED11}
		{A6D283BB-E6A0-466F-841D-C7FAA7899901} = {5C8B6EE1-CC71-4069-BD6A-E82E550FED11}
	EndGlobalSection
	GlobalSection(ExtensibilityGlobals) = postSolution
		SolutionGuid = {73104514-BD86-4575-A404-A192C2B5BF6D}
	EndGlobalSection
EndGlobal
