
Microsoft Visual Studio Solution File, Format Version 12.00
# Visual Studio 15
VisualStudioVersion = 15.0.26730.3
MinimumVisualStudioVersion = 10.0.40219.1
Project("{9A19103F-16F7-4668-BE54-9A1E7A4F7556}") = "AudioWorks.Commands", "AudioWorks.Commands\AudioWorks.Commands.csproj", "{53605AC7-B464-478F-ABA4-EBE6CB8BC968}"
EndProject
Project("{9A19103F-16F7-4668-BE54-9A1E7A4F7556}") = "AudioWorks.Commands.Tests", "AudioWorks.Commands.Tests\AudioWorks.Commands.Tests.csproj", "{6424C037-48CC-4518-BD51-D45275545FE2}"
	ProjectSection(ProjectDependencies) = postProject
		{53605AC7-B464-478F-ABA4-EBE6CB8BC968} = {53605AC7-B464-478F-ABA4-EBE6CB8BC968}
	EndProjectSection
EndProject
Project("{9A19103F-16F7-4668-BE54-9A1E7A4F7556}") = "AudioWorks.Api", "AudioWorks.Api\AudioWorks.Api.csproj", "{EBCF9266-D1CE-43F5-BB62-8E33FD4FE3F1}"
EndProject
Project("{9A19103F-16F7-4668-BE54-9A1E7A4F7556}") = "AudioWorks.Common", "AudioWorks.Common\AudioWorks.Common.csproj", "{5D6DB758-33DA-45B5-9C20-5775E526BC2C}"
EndProject
Project("{9A19103F-16F7-4668-BE54-9A1E7A4F7556}") = "AudioWorks.Extensions", "AudioWorks.Extensions\AudioWorks.Extensions.csproj", "{D237F613-F6AF-4B79-B297-56A5EB75BB97}"
EndProject
Global
	GlobalSection(SolutionConfigurationPlatforms) = preSolution
		Debug|Any CPU = Debug|Any CPU
		Release|Any CPU = Release|Any CPU
	EndGlobalSection
	GlobalSection(ProjectConfigurationPlatforms) = postSolution
		{53605AC7-B464-478F-ABA4-EBE6CB8BC968}.Debug|Any CPU.ActiveCfg = Debug|Any CPU
		{53605AC7-B464-478F-ABA4-EBE6CB8BC968}.Debug|Any CPU.Build.0 = Debug|Any CPU
		{53605AC7-B464-478F-ABA4-EBE6CB8BC968}.Release|Any CPU.ActiveCfg = Release|Any CPU
		{53605AC7-B464-478F-ABA4-EBE6CB8BC968}.Release|Any CPU.Build.0 = Release|Any CPU
		{6424C037-48CC-4518-BD51-D45275545FE2}.Debug|Any CPU.ActiveCfg = Debug|Any CPU
		{6424C037-48CC-4518-BD51-D45275545FE2}.Debug|Any CPU.Build.0 = Debug|Any CPU
		{6424C037-48CC-4518-BD51-D45275545FE2}.Release|Any CPU.ActiveCfg = Release|Any CPU
		{6424C037-48CC-4518-BD51-D45275545FE2}.Release|Any CPU.Build.0 = Release|Any CPU
		{EBCF9266-D1CE-43F5-BB62-8E33FD4FE3F1}.Debug|Any CPU.ActiveCfg = Debug|Any CPU
		{EBCF9266-D1CE-43F5-BB62-8E33FD4FE3F1}.Debug|Any CPU.Build.0 = Debug|Any CPU
		{EBCF9266-D1CE-43F5-BB62-8E33FD4FE3F1}.Release|Any CPU.ActiveCfg = Release|Any CPU
		{EBCF9266-D1CE-43F5-BB62-8E33FD4FE3F1}.Release|Any CPU.Build.0 = Release|Any CPU
		{5D6DB758-33DA-45B5-9C20-5775E526BC2C}.Debug|Any CPU.ActiveCfg = Debug|Any CPU
		{5D6DB758-33DA-45B5-9C20-5775E526BC2C}.Debug|Any CPU.Build.0 = Debug|Any CPU
		{5D6DB758-33DA-45B5-9C20-5775E526BC2C}.Release|Any CPU.ActiveCfg = Release|Any CPU
		{5D6DB758-33DA-45B5-9C20-5775E526BC2C}.Release|Any CPU.Build.0 = Release|Any CPU
		{D237F613-F6AF-4B79-B297-56A5EB75BB97}.Debug|Any CPU.ActiveCfg = Debug|Any CPU
		{D237F613-F6AF-4B79-B297-56A5EB75BB97}.Debug|Any CPU.Build.0 = Debug|Any CPU
		{D237F613-F6AF-4B79-B297-56A5EB75BB97}.Release|Any CPU.ActiveCfg = Release|Any CPU
		{D237F613-F6AF-4B79-B297-56A5EB75BB97}.Release|Any CPU.Build.0 = Release|Any CPU
	EndGlobalSection
	GlobalSection(SolutionProperties) = preSolution
		HideSolutionNode = FALSE
	EndGlobalSection
	GlobalSection(ExtensibilityGlobals) = postSolution
		SolutionGuid = {73104514-BD86-4575-A404-A192C2B5BF6D}
	EndGlobalSection
EndGlobal
