
Microsoft Visual Studio Solution File, Format Version 12.00
# Visual Studio 15
VisualStudioVersion = 15.0.26730.12
MinimumVisualStudioVersion = 10.0.40219.1
Project("{9A19103F-16F7-4668-BE54-9A1E7A4F7556}") = "AudioWorks.Commands", "AudioWorks.Commands\AudioWorks.Commands.csproj", "{53605AC7-B464-478F-ABA4-EBE6CB8BC968}"
EndProject
Project("{9A19103F-16F7-4668-BE54-9A1E7A4F7556}") = "AudioWorks.Commands.Tests", "AudioWorks.Commands.Tests\AudioWorks.Commands.Tests.csproj", "{6424C037-48CC-4518-BD51-D45275545FE2}"
	ProjectSection(ProjectDependencies) = postProject
		{53605AC7-B464-478F-ABA4-EBE6CB8BC968} = {53605AC7-B464-478F-ABA4-EBE6CB8BC968}
	EndProjectSection
EndProject
Project("{9A19103F-16F7-4668-BE54-9A1E7A4F7556}") = "AudioWorks.Api", "AudioWorks.Api\AudioWorks.Api.csproj", "{EBCF9266-D1CE-43F5-BB62-8E33FD4FE3F1}"
EndProject
Project("{9A19103F-16F7-4668-BE54-9A1E7A4F7556}") = "AudioWorks.Common", "AudioWorks.Common\AudioWorks.Common.csproj", "{5D6DB758-33DA-45B5-9C20-5775E526BC2C}"
EndProject
Project("{9A19103F-16F7-4668-BE54-9A1E7A4F7556}") = "AudioWorks.Extensions", "AudioWorks.Extensions\AudioWorks.Extensions.csproj", "{D237F613-F6AF-4B79-B297-56A5EB75BB97}"
EndProject
Project("{2150E333-8FDC-42A3-9474-1A3956D46DE8}") = "TestFiles", "TestFiles", "{ED5F2925-FC55-4D6B-8E32-7FD957F04B35}"
EndProject
Project("{2150E333-8FDC-42A3-9474-1A3956D46DE8}") = "Unsupported", "Unsupported", "{D2650C7C-32ED-48DC-9B13-A1905BE1F9E7}"
	ProjectSection(SolutionItems) = preProject
		TestFiles\Unsupported\MS ADPCM 44100Hz Stereo.wav = TestFiles\Unsupported\MS ADPCM 44100Hz Stereo.wav
		TestFiles\Unsupported\Not Audio.txt = TestFiles\Unsupported\Not Audio.txt
	EndProjectSection
EndProject
Project("{2150E333-8FDC-42A3-9474-1A3956D46DE8}") = "Invalid", "Invalid", "{F91FD451-BD07-4280-B74F-870DAF191591}"
	ProjectSection(SolutionItems) = preProject
		TestFiles\Invalid\Missing 'fmt' Chunk.wav = TestFiles\Invalid\Missing 'fmt' Chunk.wav
		TestFiles\Invalid\Not Audio Layer III.mp3 = TestFiles\Invalid\Not Audio Layer III.mp3
		TestFiles\Invalid\Not MPEG Audio.mp3 = TestFiles\Invalid\Not MPEG Audio.mp3
		TestFiles\Invalid\Not RIFF Format.wav = TestFiles\Invalid\Not RIFF Format.wav
		TestFiles\Invalid\Not Wave Format.wav = TestFiles\Invalid\Not Wave Format.wav
		TestFiles\Invalid\Unexpectedly Truncated.wav = TestFiles\Invalid\Unexpectedly Truncated.wav
	EndProjectSection
EndProject
Project("{2150E333-8FDC-42A3-9474-1A3956D46DE8}") = "Extensions", "Extensions", "{5C8B6EE1-CC71-4069-BD6A-E82E550FED11}"
EndProject
Project("{9A19103F-16F7-4668-BE54-9A1E7A4F7556}") = "AudioWorks.Extensions.Wave", "Extensions\AudioWorks.Extensions.Wave\AudioWorks.Extensions.Wave.csproj", "{1447D6EA-60F7-44A8-A5DA-69A4287348CF}"
EndProject
Project("{2150E333-8FDC-42A3-9474-1A3956D46DE8}") = "Valid", "Valid", "{F3EE5042-D0AB-4B5C-8255-4A1D87A8C4A1}"
	ProjectSection(SolutionItems) = preProject
		TestFiles\Valid\ALAC 16-bit 44100Hz Mono.m4a = TestFiles\Valid\ALAC 16-bit 44100Hz Mono.m4a
		TestFiles\Valid\ALAC 16-bit 44100Hz Stereo.m4a = TestFiles\Valid\ALAC 16-bit 44100Hz Stereo.m4a
		TestFiles\Valid\ALAC 16-bit 48000Hz Stereo.m4a = TestFiles\Valid\ALAC 16-bit 48000Hz Stereo.m4a
		TestFiles\Valid\ALAC 24-bit 96000Hz Stereo.m4a = TestFiles\Valid\ALAC 24-bit 96000Hz Stereo.m4a
		TestFiles\Valid\Fraunhofer CBR 128 44100Hz Stereo.mp3 = TestFiles\Valid\Fraunhofer CBR 128 44100Hz Stereo.mp3
		TestFiles\Valid\Fraunhofer VBR 44100Hz Stereo (with header).mp3 = TestFiles\Valid\Fraunhofer VBR 44100Hz Stereo (with header).mp3
		TestFiles\Valid\Fraunhofer VBR 44100Hz Stereo.mp3 = TestFiles\Valid\Fraunhofer VBR 44100Hz Stereo.mp3
		TestFiles\Valid\Lame CBR 128 44100Hz Stereo (no header).mp3 = TestFiles\Valid\Lame CBR 128 44100Hz Stereo (no header).mp3
		TestFiles\Valid\Lame CBR 128 44100Hz Stereo.mp3 = TestFiles\Valid\Lame CBR 128 44100Hz Stereo.mp3
		TestFiles\Valid\Lame CBR 128 48000Hz Stereo.mp3 = TestFiles\Valid\Lame CBR 128 48000Hz Stereo.mp3
		TestFiles\Valid\Lame CBR 24 8000Hz Stereo.mp3 = TestFiles\Valid\Lame CBR 24 8000Hz Stereo.mp3
		TestFiles\Valid\Lame CBR 64 44100Hz Mono.mp3 = TestFiles\Valid\Lame CBR 64 44100Hz Mono.mp3
		TestFiles\Valid\Lame VBR Standard 44100Hz Stereo.mp3 = TestFiles\Valid\Lame VBR Standard 44100Hz Stereo.mp3
		TestFiles\Valid\LPCM 16-bit 44100Hz Mono.wav = TestFiles\Valid\LPCM 16-bit 44100Hz Mono.wav
		TestFiles\Valid\LPCM 16-bit 44100Hz Stereo (extensible).wav = TestFiles\Valid\LPCM 16-bit 44100Hz Stereo (extensible).wav
		TestFiles\Valid\LPCM 16-bit 44100Hz Stereo.wav = TestFiles\Valid\LPCM 16-bit 44100Hz Stereo.wav
		TestFiles\Valid\LPCM 16-bit 48000Hz Stereo.wav = TestFiles\Valid\LPCM 16-bit 48000Hz Stereo.wav
		TestFiles\Valid\LPCM 24-bit 96000Hz Stereo.wav = TestFiles\Valid\LPCM 24-bit 96000Hz Stereo.wav
		TestFiles\Valid\LPCM 8-bit 8000Hz Stereo.wav = TestFiles\Valid\LPCM 8-bit 8000Hz Stereo.wav
		TestFiles\Valid\QAAC TVBR 91 44100Hz Mono.m4a = TestFiles\Valid\QAAC TVBR 91 44100Hz Mono.m4a
		TestFiles\Valid\QAAC TVBR 91 44100Hz Stereo.m4a = TestFiles\Valid\QAAC TVBR 91 44100Hz Stereo.m4a
		TestFiles\Valid\QAAC TVBR 91 48000Hz Stereo.m4a = TestFiles\Valid\QAAC TVBR 91 48000Hz Stereo.m4a
		TestFiles\Valid\QAAC TVBR 91 8000Hz Stereo.m4a = TestFiles\Valid\QAAC TVBR 91 8000Hz Stereo.m4a
	EndProjectSection
EndProject
Project("{9A19103F-16F7-4668-BE54-9A1E7A4F7556}") = "AudioWorks.Api.Tests", "AudioWorks.Api.Tests\AudioWorks.Api.Tests.csproj", "{83565750-78B5-4481-AAF6-C2732E3CE040}"
EndProject
Project("{9A19103F-16F7-4668-BE54-9A1E7A4F7556}") = "AudioWorks.Extensions.Mp3", "Extensions\AudioWorks.Extensions.Mp3\AudioWorks.Extensions.Mp3.csproj", "{327C902A-DEF9-46AA-850E-1023BB2D8187}"
EndProject
Project("{9A19103F-16F7-4668-BE54-9A1E7A4F7556}") = "AudioWorks.Extensions.Mp4", "Extensions\AudioWorks.Extensions.Mp4\AudioWorks.Extensions.Mp4.csproj", "{0F6C00B0-92C7-4755-B1C6-133E88E6333A}"
EndProject
Project("{FAE04EC0-301F-11D3-BF4B-00C04F79EFBC}") = "AudioWorks.Extensions.Vorbis", "Extensions\AudioWorks.Extensions.Vorbis\AudioWorks.Extensions.Vorbis.csproj", "{5716EF44-6F81-4C73-B16C-43B1952A4A44}"
EndProject
Global
	GlobalSection(SolutionConfigurationPlatforms) = preSolution
		Debug|Any CPU = Debug|Any CPU
		Release|Any CPU = Release|Any CPU
	EndGlobalSection
	GlobalSection(ProjectConfigurationPlatforms) = postSolution
		{53605AC7-B464-478F-ABA4-EBE6CB8BC968}.Debug|Any CPU.ActiveCfg = Debug|Any CPU
		{53605AC7-B464-478F-ABA4-EBE6CB8BC968}.Debug|Any CPU.Build.0 = Debug|Any CPU
		{53605AC7-B464-478F-ABA4-EBE6CB8BC968}.Release|Any CPU.ActiveCfg = Release|Any CPU
		{53605AC7-B464-478F-ABA4-EBE6CB8BC968}.Release|Any CPU.Build.0 = Release|Any CPU
		{6424C037-48CC-4518-BD51-D45275545FE2}.Debug|Any CPU.ActiveCfg = Debug|Any CPU
		{6424C037-48CC-4518-BD51-D45275545FE2}.Debug|Any CPU.Build.0 = Debug|Any CPU
		{6424C037-48CC-4518-BD51-D45275545FE2}.Release|Any CPU.ActiveCfg = Release|Any CPU
		{6424C037-48CC-4518-BD51-D45275545FE2}.Release|Any CPU.Build.0 = Release|Any CPU
		{EBCF9266-D1CE-43F5-BB62-8E33FD4FE3F1}.Debug|Any CPU.ActiveCfg = Debug|Any CPU
		{EBCF9266-D1CE-43F5-BB62-8E33FD4FE3F1}.Debug|Any CPU.Build.0 = Debug|Any CPU
		{EBCF9266-D1CE-43F5-BB62-8E33FD4FE3F1}.Release|Any CPU.ActiveCfg = Release|Any CPU
		{EBCF9266-D1CE-43F5-BB62-8E33FD4FE3F1}.Release|Any CPU.Build.0 = Release|Any CPU
		{5D6DB758-33DA-45B5-9C20-5775E526BC2C}.Debug|Any CPU.ActiveCfg = Debug|Any CPU
		{5D6DB758-33DA-45B5-9C20-5775E526BC2C}.Debug|Any CPU.Build.0 = Debug|Any CPU
		{5D6DB758-33DA-45B5-9C20-5775E526BC2C}.Release|Any CPU.ActiveCfg = Release|Any CPU
		{5D6DB758-33DA-45B5-9C20-5775E526BC2C}.Release|Any CPU.Build.0 = Release|Any CPU
		{D237F613-F6AF-4B79-B297-56A5EB75BB97}.Debug|Any CPU.ActiveCfg = Debug|Any CPU
		{D237F613-F6AF-4B79-B297-56A5EB75BB97}.Debug|Any CPU.Build.0 = Debug|Any CPU
		{D237F613-F6AF-4B79-B297-56A5EB75BB97}.Release|Any CPU.ActiveCfg = Release|Any CPU
		{D237F613-F6AF-4B79-B297-56A5EB75BB97}.Release|Any CPU.Build.0 = Release|Any CPU
		{1447D6EA-60F7-44A8-A5DA-69A4287348CF}.Debug|Any CPU.ActiveCfg = Debug|Any CPU
		{1447D6EA-60F7-44A8-A5DA-69A4287348CF}.Debug|Any CPU.Build.0 = Debug|Any CPU
		{1447D6EA-60F7-44A8-A5DA-69A4287348CF}.Release|Any CPU.ActiveCfg = Release|Any CPU
		{1447D6EA-60F7-44A8-A5DA-69A4287348CF}.Release|Any CPU.Build.0 = Release|Any CPU
		{83565750-78B5-4481-AAF6-C2732E3CE040}.Debug|Any CPU.ActiveCfg = Debug|Any CPU
		{83565750-78B5-4481-AAF6-C2732E3CE040}.Debug|Any CPU.Build.0 = Debug|Any CPU
		{83565750-78B5-4481-AAF6-C2732E3CE040}.Release|Any CPU.ActiveCfg = Release|Any CPU
		{83565750-78B5-4481-AAF6-C2732E3CE040}.Release|Any CPU.Build.0 = Release|Any CPU
		{327C902A-DEF9-46AA-850E-1023BB2D8187}.Debug|Any CPU.ActiveCfg = Debug|Any CPU
		{327C902A-DEF9-46AA-850E-1023BB2D8187}.Debug|Any CPU.Build.0 = Debug|Any CPU
		{327C902A-DEF9-46AA-850E-1023BB2D8187}.Release|Any CPU.ActiveCfg = Release|Any CPU
		{327C902A-DEF9-46AA-850E-1023BB2D8187}.Release|Any CPU.Build.0 = Release|Any CPU
		{0F6C00B0-92C7-4755-B1C6-133E88E6333A}.Debug|Any CPU.ActiveCfg = Debug|Any CPU
		{0F6C00B0-92C7-4755-B1C6-133E88E6333A}.Debug|Any CPU.Build.0 = Debug|Any CPU
		{0F6C00B0-92C7-4755-B1C6-133E88E6333A}.Release|Any CPU.ActiveCfg = Release|Any CPU
		{0F6C00B0-92C7-4755-B1C6-133E88E6333A}.Release|Any CPU.Build.0 = Release|Any CPU
		{5716EF44-6F81-4C73-B16C-43B1952A4A44}.Debug|Any CPU.ActiveCfg = Debug|Any CPU
		{5716EF44-6F81-4C73-B16C-43B1952A4A44}.Debug|Any CPU.Build.0 = Debug|Any CPU
		{5716EF44-6F81-4C73-B16C-43B1952A4A44}.Release|Any CPU.ActiveCfg = Release|Any CPU
		{5716EF44-6F81-4C73-B16C-43B1952A4A44}.Release|Any CPU.Build.0 = Release|Any CPU
	EndGlobalSection
	GlobalSection(SolutionProperties) = preSolution
		HideSolutionNode = FALSE
	EndGlobalSection
	GlobalSection(NestedProjects) = preSolution
		{D2650C7C-32ED-48DC-9B13-A1905BE1F9E7} = {ED5F2925-FC55-4D6B-8E32-7FD957F04B35}
		{F91FD451-BD07-4280-B74F-870DAF191591} = {ED5F2925-FC55-4D6B-8E32-7FD957F04B35}
		{1447D6EA-60F7-44A8-A5DA-69A4287348CF} = {5C8B6EE1-CC71-4069-BD6A-E82E550FED11}
		{F3EE5042-D0AB-4B5C-8255-4A1D87A8C4A1} = {ED5F2925-FC55-4D6B-8E32-7FD957F04B35}
		{327C902A-DEF9-46AA-850E-1023BB2D8187} = {5C8B6EE1-CC71-4069-BD6A-E82E550FED11}
		{0F6C00B0-92C7-4755-B1C6-133E88E6333A} = {5C8B6EE1-CC71-4069-BD6A-E82E550FED11}
		{5716EF44-6F81-4C73-B16C-43B1952A4A44} = {5C8B6EE1-CC71-4069-BD6A-E82E550FED11}
	EndGlobalSection
	GlobalSection(ExtensibilityGlobals) = postSolution
		SolutionGuid = {73104514-BD86-4575-A404-A192C2B5BF6D}
	EndGlobalSection
EndGlobal
