{
  "version": 1,
  "dependencies": {
    ".NETStandard,Version=v2.0": {
      "Microsoft.Extensions.Configuration.Json": {
        "type": "Direct",
        "requested": "[2.2.0, )",
        "resolved": "2.2.0",
        "contentHash": "vqJEFHHDVTDhjTTdX8QZWF75Hw9bFLbmRcjRbXtmQLrFBvcTzuS9w1jJGWjrgR1UQ7YpuJdhcDXzhxorqkR1Ig==",
        "dependencies": {
          "Microsoft.Extensions.Configuration": "2.2.0",
          "Microsoft.Extensions.Configuration.FileExtensions": "2.2.0",
          "Newtonsoft.Json": "11.0.2"
        }
      },
      "Microsoft.Extensions.Logging": {
        "type": "Direct",
        "requested": "[2.2.0, )",
        "resolved": "2.2.0",
        "contentHash": "K90QPI39Sq4mNb0Femo/xV/YGj8KHpAOyqEqChloxteM021SAnFV+kxjUKMJqrvpTcMJiGPmv1Yj03QeiXatRg==",
        "dependencies": {
          "Microsoft.Extensions.Configuration.Binder": "2.2.0",
          "Microsoft.Extensions.DependencyInjection.Abstractions": "2.2.0",
          "Microsoft.Extensions.Logging.Abstractions": "2.2.0",
          "Microsoft.Extensions.Options": "2.2.0"
        }
      },
      "Microsoft.SourceLink.GitHub": {
        "type": "Direct",
        "requested": "[1.0.0, )",
        "resolved": "1.0.0",
        "contentHash": "aZyGyGg2nFSxix+xMkPmlmZSsnGQ3w+mIG23LTxJZHN+GPwTQ5FpPgDo7RMOq+Kcf5D4hFWfXkGhoGstawX13Q==",
        "dependencies": {
          "Microsoft.Build.Tasks.Git": "1.0.0",
          "Microsoft.SourceLink.Common": "1.0.0"
        }
      },
      "NETStandard.Library": {
        "type": "Direct",
        "requested": "[2.0.3, )",
        "resolved": "2.0.3",
        "contentHash": "st47PosZSHrjECdjeIzZQbzivYBJFv6P2nv4cj2ypdI204DO+vZ7l5raGMiX4eXMJ53RfOIg+/s4DHVZ54Nu2A==",
        "dependencies": {
          "Microsoft.NETCore.Platforms": "1.1.0"
        }
      },
      "Nullable": {
        "type": "Direct",
        "requested": "[1.3.0, )",
        "resolved": "1.3.0",
        "contentHash": "xHAviTdTY3n+t1nEPN4JPRQR5lI124qRKVw+U9H7dO5sDNPpzoWeo/MQy7dSUmv9eD3k/CJVKokz1tFK+JOzRw=="
      },
      "SixLabors.ImageSharp": {
        "type": "Direct",
        "requested": "[1.0.2, )",
        "resolved": "1.0.2",
        "contentHash": "iZJ37Iss3pUkFl961x1aka85QuvgY9oNZabHijzVnHs4QTz6EMNx3zjJDyvK/0+Ryj6JPv/PC7GVIJXLHtu2nQ==",
        "dependencies": {
          "System.Buffers": "4.5.1",
          "System.Memory": "4.5.4",
          "System.Numerics.Vectors": "4.5.0"
        }
      },
      "System.Memory": {
        "type": "Direct",
        "requested": "[4.5.4, )",
        "resolved": "4.5.4",
        "contentHash": "1MbJTHS1lZ4bS4FmsJjnuGJOu88ZzTT2rLvrhW7Ygic+pC0NWA+3hgAen0HRdsocuQXCkUTdFn9yHJJhsijDXw==",
        "dependencies": {
          "System.Buffers": "4.5.1",
          "System.Numerics.Vectors": "4.4.0",
          "System.Runtime.CompilerServices.Unsafe": "4.5.3"
        }
      },
      "Microsoft.Build.Tasks.Git": {
        "type": "Transitive",
        "resolved": "1.0.0",
        "contentHash": "z2fpmmt+1Jfl+ZnBki9nSP08S1/tbEOxFdsK1rSR+LBehIJz1Xv9/6qOOoGNqlwnAGGVGis1Oj6S8Kt9COEYlQ=="
      },
      "Microsoft.Extensions.Configuration": {
        "type": "Transitive",
        "resolved": "2.2.0",
        "contentHash": "Be1LEgclOQthHN7tksm79bGbXNJ0yuewEBiIzPSePwDwt2AGqLLx5iXv6BfjVZGztxKQCngz+X8IRw/kOz+CwA==",
        "dependencies": {
          "Microsoft.Extensions.Configuration.Abstractions": "2.2.0"
        }
      },
      "Microsoft.Extensions.Configuration.Abstractions": {
        "type": "Transitive",
        "resolved": "2.2.0",
        "contentHash": "HT/cMUOHvJ29Z5VIlWp6Zd1F63k5CbpGisNk8ayP35GwKwX5IDsJL8hWMoBesz5WPK8ZfW4f47kyVAhfCD/PAw==",
        "dependencies": {
          "Microsoft.Extensions.Primitives": "2.2.0"
        }
      },
      "Microsoft.Extensions.Configuration.Binder": {
        "type": "Transitive",
        "resolved": "2.2.0",
        "contentHash": "MsSglnpg/8FoukGJ5CBKFxs2enCwrRd3ORx8bmhe3PHekeJeUzqhkQoOaAqyAt9wcF+myRTe1JcHLul4zj+zPA==",
        "dependencies": {
          "Microsoft.Extensions.Configuration": "2.2.0"
        }
      },
      "Microsoft.Extensions.Configuration.FileExtensions": {
        "type": "Transitive",
        "resolved": "2.2.0",
        "contentHash": "1cO9Ca+lLh7mRTbJYEXnGPqoVMt/71BM7zmcZx6VOFLEBAfpOej/isDtgqRYhDcMkLaS9vn9pXerp41fTO9y1w==",
        "dependencies": {
          "Microsoft.Extensions.Configuration": "2.2.0",
          "Microsoft.Extensions.FileProviders.Physical": "2.2.0"
        }
      },
      "Microsoft.Extensions.DependencyInjection.Abstractions": {
        "type": "Transitive",
        "resolved": "2.2.0",
        "contentHash": "YZcHF0/+XeKv12ZEo+OmrAa6rNayjye0qvEjYSDIhN99StqxnS2gZpwkcCrH/8JuXxzzcDSVpZw5Bruz8xYfXQ=="
      },
      "Microsoft.Extensions.FileProviders.Abstractions": {
        "type": "Transitive",
        "resolved": "2.2.0",
        "contentHash": "zt//yhxTTxUMb70b44ZdUQiV/SLa+3xbVZuz/IzKloOX8rlUoU6itkhVC3gryos9ojAuPYwc2aiqejJLdqRDZA==",
        "dependencies": {
          "Microsoft.Extensions.Primitives": "2.2.0"
        }
      },
      "Microsoft.Extensions.FileProviders.Physical": {
        "type": "Transitive",
        "resolved": "2.2.0",
        "contentHash": "lFYs3tCesMedXt/sUHIUlByH20qxi6DjSxOTyRvqT3YUMteqsVIGgjcF8zoVWMfvlv9/418Uk3eC3bFn8Qc+rA==",
        "dependencies": {
          "Microsoft.Extensions.FileProviders.Abstractions": "2.2.0",
          "Microsoft.Extensions.FileSystemGlobbing": "2.2.0"
        }
      },
      "Microsoft.Extensions.FileSystemGlobbing": {
        "type": "Transitive",
        "resolved": "2.2.0",
        "contentHash": "LcDxBQvSCyvYZqAncoXJmbueO7DbHyMzu/kwGwC8oyghBXkzHG69iT4IEO63EO3R5mylbhTyydAIyQC4rt/weQ=="
      },
      "Microsoft.Extensions.Logging.Abstractions": {
        "type": "Transitive",
        "resolved": "2.2.0",
        "contentHash": "9/ERS0/w8MRdWYC9Nv230+2DIYbCv+jr5JwlVyFXrNRerKN9mHShlSfCUjq2S9Wa8ORsztbe5Txz2CuA8pr2bA=="
      },
      "Microsoft.Extensions.Options": {
        "type": "Transitive",
        "resolved": "2.2.0",
        "contentHash": "onhaA2X0DkQmyybJhbTHO+63NnO90nIPHTC9a+1QLTM1hT934DM80OvgwKubEIQuPyvSHD6X1Q01PSTJRNHo8w==",
        "dependencies": {
          "Microsoft.Extensions.DependencyInjection.Abstractions": "2.2.0",
          "Microsoft.Extensions.Primitives": "2.2.0",
          "System.ComponentModel.Annotations": "4.5.0"
        }
      },
      "Microsoft.Extensions.Primitives": {
        "type": "Transitive",
        "resolved": "2.2.0",
        "contentHash": "Sv8EDHvN2852bE5G1yosKCa7sUw/x0Z/rCaI5LIWHseAXprG1h9oberAh3NRBO7w2zTZq79WPeQDMsPBVSf99w==",
        "dependencies": {
          "System.Memory": "4.5.1",
          "System.Runtime.CompilerServices.Unsafe": "4.5.1"
        }
      },
      "Microsoft.NETCore.Platforms": {
        "type": "Transitive",
        "resolved": "1.1.0",
        "contentHash": "kz0PEW2lhqygehI/d6XsPCQzD7ff7gUJaVGPVETX611eadGsA3A877GdSlU0LRVMCTH/+P3o2iDTak+S08V2+A=="
      },
      "Microsoft.SourceLink.Common": {
        "type": "Transitive",
        "resolved": "1.0.0",
        "contentHash": "G8DuQY8/DK5NN+3jm5wcMcd9QYD90UV7MiLmdljSJixi3U/vNaeBKmmXUqI4DJCOeWizIUEh4ALhSt58mR+5eg=="
      },
      "Newtonsoft.Json": {
        "type": "Transitive",
        "resolved": "11.0.2",
        "contentHash": "IvJe1pj7JHEsP8B8J8DwlMEx8UInrs/x+9oVY+oCD13jpLu4JbJU2WCIsMRn5C4yW9+DgkaO8uiVE5VHKjpmdQ=="
      },
      "System.Buffers": {
        "type": "Transitive",
        "resolved": "4.5.1",
        "contentHash": "Rw7ijyl1qqRS0YQD/WycNst8hUUMgrMH4FCn1nNm27M4VxchZ1js3fVjQaANHO5f3sN4isvP4a+Met9Y4YomAg=="
      },
      "System.ComponentModel.Annotations": {
        "type": "Transitive",
        "resolved": "4.5.0",
        "contentHash": "UxYQ3FGUOtzJ7LfSdnYSFd7+oEv6M8NgUatatIN2HxNtDdlcvFAf+VIq4Of9cDMJEJC0aSRv/x898RYhB4Yppg=="
      },
      "System.Numerics.Vectors": {
        "type": "Transitive",
        "resolved": "4.5.0",
        "contentHash": "QQTlPTl06J/iiDbJCiepZ4H//BVraReU4O4EoRw1U02H5TLUIT7xn3GnDp9AXPSlJUDyFs4uWjWafNX6WrAojQ=="
      },
      "System.Runtime.CompilerServices.Unsafe": {
        "type": "Transitive",
        "resolved": "4.5.3",
        "contentHash": "3TIsJhD1EiiT0w2CcDMN/iSSwnNnsrnbzeVHSKkaEgV85txMprmuO+Yq2AdSbeVGcg28pdNDTPK87tJhX7VFHw=="
      }
    },
    ".NETCoreApp,Version=v5.0": {
      "Microsoft.Extensions.Configuration.Json": {
        "type": "Direct",
        "requested": "[2.2.0, )",
        "resolved": "2.2.0",
        "contentHash": "vqJEFHHDVTDhjTTdX8QZWF75Hw9bFLbmRcjRbXtmQLrFBvcTzuS9w1jJGWjrgR1UQ7YpuJdhcDXzhxorqkR1Ig==",
        "dependencies": {
          "Microsoft.Extensions.Configuration": "2.2.0",
          "Microsoft.Extensions.Configuration.FileExtensions": "2.2.0",
          "Newtonsoft.Json": "11.0.2"
        }
      },
      "Microsoft.Extensions.Logging": {
        "type": "Direct",
        "requested": "[2.2.0, )",
        "resolved": "2.2.0",
        "contentHash": "K90QPI39Sq4mNb0Femo/xV/YGj8KHpAOyqEqChloxteM021SAnFV+kxjUKMJqrvpTcMJiGPmv1Yj03QeiXatRg==",
        "dependencies": {
          "Microsoft.Extensions.Configuration.Binder": "2.2.0",
          "Microsoft.Extensions.DependencyInjection.Abstractions": "2.2.0",
          "Microsoft.Extensions.Logging.Abstractions": "2.2.0",
          "Microsoft.Extensions.Options": "2.2.0"
        }
      },
      "Microsoft.SourceLink.GitHub": {
        "type": "Direct",
        "requested": "[1.0.0, )",
        "resolved": "1.0.0",
        "contentHash": "aZyGyGg2nFSxix+xMkPmlmZSsnGQ3w+mIG23LTxJZHN+GPwTQ5FpPgDo7RMOq+Kcf5D4hFWfXkGhoGstawX13Q==",
        "dependencies": {
          "Microsoft.Build.Tasks.Git": "1.0.0",
          "Microsoft.SourceLink.Common": "1.0.0"
        }
      },
      "Nullable": {
        "type": "Direct",
        "requested": "[1.3.0, )",
        "resolved": "1.3.0",
        "contentHash": "xHAviTdTY3n+t1nEPN4JPRQR5lI124qRKVw+U9H7dO5sDNPpzoWeo/MQy7dSUmv9eD3k/CJVKokz1tFK+JOzRw=="
      },
      "SixLabors.ImageSharp": {
        "type": "Direct",
        "requested": "[1.0.2, )",
        "resolved": "1.0.2",
        "contentHash": "iZJ37Iss3pUkFl961x1aka85QuvgY9oNZabHijzVnHs4QTz6EMNx3zjJDyvK/0+Ryj6JPv/PC7GVIJXLHtu2nQ=="
      },
      "Microsoft.Build.Tasks.Git": {
        "type": "Transitive",
        "resolved": "1.0.0",
        "contentHash": "z2fpmmt+1Jfl+ZnBki9nSP08S1/tbEOxFdsK1rSR+LBehIJz1Xv9/6qOOoGNqlwnAGGVGis1Oj6S8Kt9COEYlQ=="
      },
      "Microsoft.Extensions.Configuration": {
        "type": "Transitive",
        "resolved": "2.2.0",
        "contentHash": "Be1LEgclOQthHN7tksm79bGbXNJ0yuewEBiIzPSePwDwt2AGqLLx5iXv6BfjVZGztxKQCngz+X8IRw/kOz+CwA==",
        "dependencies": {
          "Microsoft.Extensions.Configuration.Abstractions": "2.2.0"
        }
      },
      "Microsoft.Extensions.Configuration.Abstractions": {
        "type": "Transitive",
        "resolved": "2.2.0",
        "contentHash": "HT/cMUOHvJ29Z5VIlWp6Zd1F63k5CbpGisNk8ayP35GwKwX5IDsJL8hWMoBesz5WPK8ZfW4f47kyVAhfCD/PAw==",
        "dependencies": {
          "Microsoft.Extensions.Primitives": "2.2.0"
        }
      },
      "Microsoft.Extensions.Configuration.Binder": {
        "type": "Transitive",
        "resolved": "2.2.0",
        "contentHash": "MsSglnpg/8FoukGJ5CBKFxs2enCwrRd3ORx8bmhe3PHekeJeUzqhkQoOaAqyAt9wcF+myRTe1JcHLul4zj+zPA==",
        "dependencies": {
          "Microsoft.Extensions.Configuration": "2.2.0"
        }
      },
      "Microsoft.Extensions.Configuration.FileExtensions": {
        "type": "Transitive",
        "resolved": "2.2.0",
        "contentHash": "1cO9Ca+lLh7mRTbJYEXnGPqoVMt/71BM7zmcZx6VOFLEBAfpOej/isDtgqRYhDcMkLaS9vn9pXerp41fTO9y1w==",
        "dependencies": {
          "Microsoft.Extensions.Configuration": "2.2.0",
          "Microsoft.Extensions.FileProviders.Physical": "2.2.0"
        }
      },
      "Microsoft.Extensions.DependencyInjection.Abstractions": {
        "type": "Transitive",
        "resolved": "2.2.0",
        "contentHash": "YZcHF0/+XeKv12ZEo+OmrAa6rNayjye0qvEjYSDIhN99StqxnS2gZpwkcCrH/8JuXxzzcDSVpZw5Bruz8xYfXQ=="
      },
      "Microsoft.Extensions.FileProviders.Abstractions": {
        "type": "Transitive",
        "resolved": "2.2.0",
        "contentHash": "zt//yhxTTxUMb70b44ZdUQiV/SLa+3xbVZuz/IzKloOX8rlUoU6itkhVC3gryos9ojAuPYwc2aiqejJLdqRDZA==",
        "dependencies": {
          "Microsoft.Extensions.Primitives": "2.2.0"
        }
      },
      "Microsoft.Extensions.FileProviders.Physical": {
        "type": "Transitive",
        "resolved": "2.2.0",
        "contentHash": "lFYs3tCesMedXt/sUHIUlByH20qxi6DjSxOTyRvqT3YUMteqsVIGgjcF8zoVWMfvlv9/418Uk3eC3bFn8Qc+rA==",
        "dependencies": {
          "Microsoft.Extensions.FileProviders.Abstractions": "2.2.0",
          "Microsoft.Extensions.FileSystemGlobbing": "2.2.0"
        }
      },
      "Microsoft.Extensions.FileSystemGlobbing": {
        "type": "Transitive",
        "resolved": "2.2.0",
        "contentHash": "LcDxBQvSCyvYZqAncoXJmbueO7DbHyMzu/kwGwC8oyghBXkzHG69iT4IEO63EO3R5mylbhTyydAIyQC4rt/weQ=="
      },
      "Microsoft.Extensions.Logging.Abstractions": {
        "type": "Transitive",
        "resolved": "2.2.0",
        "contentHash": "9/ERS0/w8MRdWYC9Nv230+2DIYbCv+jr5JwlVyFXrNRerKN9mHShlSfCUjq2S9Wa8ORsztbe5Txz2CuA8pr2bA=="
      },
      "Microsoft.Extensions.Options": {
        "type": "Transitive",
        "resolved": "2.2.0",
        "contentHash": "onhaA2X0DkQmyybJhbTHO+63NnO90nIPHTC9a+1QLTM1hT934DM80OvgwKubEIQuPyvSHD6X1Q01PSTJRNHo8w==",
        "dependencies": {
          "Microsoft.Extensions.DependencyInjection.Abstractions": "2.2.0",
          "Microsoft.Extensions.Primitives": "2.2.0",
          "System.ComponentModel.Annotations": "4.5.0"
        }
      },
      "Microsoft.Extensions.Primitives": {
        "type": "Transitive",
        "resolved": "2.2.0",
        "contentHash": "Sv8EDHvN2852bE5G1yosKCa7sUw/x0Z/rCaI5LIWHseAXprG1h9oberAh3NRBO7w2zTZq79WPeQDMsPBVSf99w==",
        "dependencies": {
          "System.Memory": "4.5.1",
          "System.Runtime.CompilerServices.Unsafe": "4.5.1"
        }
      },
      "Microsoft.SourceLink.Common": {
        "type": "Transitive",
        "resolved": "1.0.0",
        "contentHash": "G8DuQY8/DK5NN+3jm5wcMcd9QYD90UV7MiLmdljSJixi3U/vNaeBKmmXUqI4DJCOeWizIUEh4ALhSt58mR+5eg=="
      },
      "Newtonsoft.Json": {
        "type": "Transitive",
        "resolved": "11.0.2",
        "contentHash": "IvJe1pj7JHEsP8B8J8DwlMEx8UInrs/x+9oVY+oCD13jpLu4JbJU2WCIsMRn5C4yW9+DgkaO8uiVE5VHKjpmdQ=="
      },
      "System.ComponentModel.Annotations": {
        "type": "Transitive",
        "resolved": "4.5.0",
        "contentHash": "UxYQ3FGUOtzJ7LfSdnYSFd7+oEv6M8NgUatatIN2HxNtDdlcvFAf+VIq4Of9cDMJEJC0aSRv/x898RYhB4Yppg=="
      },
      "System.Memory": {
        "type": "Transitive",
        "resolved": "4.5.1",
        "contentHash": "sDJYJpGtTgx+23Ayu5euxG5mAXWdkDb4+b0rD0Cab0M1oQS9H0HXGPriKcqpXuiJDTV7fTp/d+fMDJmnr6sNvA=="
      },
      "System.Runtime.CompilerServices.Unsafe": {
        "type": "Transitive",
        "resolved": "4.5.1",
        "contentHash": "Zh8t8oqolRaFa9vmOZfdQm/qKejdqz0J9kr7o2Fu0vPeoH3BL1EOXipKWwkWtLT1JPzjByrF19fGuFlNbmPpiw=="
      }
    }
  }
}